// !$*UTF8*$!
{
	archiveVersion = 1;
	classes = {
	};
	objectVersion = 46;
	objects = {

/* Begin PBXAggregateTarget section */
		E23BD39E163341A700D370EF /* GifMan Chat Style */ = {
			isa = PBXAggregateTarget;
			buildConfigurationList = E23BD39F163341A700D370EF /* Build configuration list for PBXAggregateTarget "GifMan Chat Style" */;
			buildPhases = (
				E23BD43E1633437B00D370EF /* Copy Files */,
				E23BD3D81633421600D370EF /* Copy Resources */,
				E23BD43D1633433600D370EF /* Copy CSS */,
				E23BD4461633442700D370EF /* Copy Graphics */,
				E23BD4471633443300D370EF /* Copy Javascript */,
				E23BD4481633443A00D370EF /* Copy Templates */,
			);
			dependencies = (
			);
			name = "GifMan Chat Style";
			productName = sdfds;
		};
		E23BD4751633447E00D370EF /* GifMan */ = {
			isa = PBXAggregateTarget;
			buildConfigurationList = E23BD4761633447E00D370EF /* Build configuration list for PBXAggregateTarget "GifMan" */;
			buildPhases = (
			);
			dependencies = (
				E23BD47A1633448400D370EF /* PBXTargetDependency */,
				E23BD47C1633448400D370EF /* PBXTargetDependency */,
			);
			name = GifMan;
			productName = GifMan;
		};
/* End PBXAggregateTarget section */

/* Begin PBXBuildFile section */
		E23BD43C1633432B00D370EF /* Conversation.html in Copy Resources */ = {isa = PBXBuildFile; fileRef = E23BD3DC163342B900D370EF /* Conversation.html */; };
		E23BD43F1633438300D370EF /* Info.plist in Copy Files */ = {isa = PBXBuildFile; fileRef = E23BD3DA163342AD00D370EF /* Info.plist */; };
		E289B2511631F0AE00412023 /* Cocoa.framework in Frameworks */ = {isa = PBXBuildFile; fileRef = E289B2501631F0AE00412023 /* Cocoa.framework */; };
		E289B25B1631F0AE00412023 /* InfoPlist.strings in Resources */ = {isa = PBXBuildFile; fileRef = E289B2591631F0AE00412023 /* InfoPlist.strings */; };
		E289B2671631F0F600412023 /* GifManPlugin.m in Sources */ = {isa = PBXBuildFile; fileRef = E289B2661631F0F600412023 /* GifManPlugin.m */; };
		E289B26D1631F32200412023 /* Skype.framework in Frameworks */ = {isa = PBXBuildFile; fileRef = E289B26C1631F32200412023 /* Skype.framework */; };
		E28BF4ED16344B7F00162986 /* WebKit.framework in Frameworks */ = {isa = PBXBuildFile; fileRef = E28BF4EC16344B7F00162986 /* WebKit.framework */; };
		E2F30BC816BF0CAC00D1A69D /* emoticons.css in Copy CSS */ = {isa = PBXBuildFile; fileRef = E2F30BA416BF0BB300D1A69D /* emoticons.css */; };
		E2F30BC916BF0CAC00D1A69D /* main.css in Copy CSS */ = {isa = PBXBuildFile; fileRef = E2F30BA516BF0BB300D1A69D /* main.css */; };
		E2F30BCA16BF0CAC00D1A69D /* gifman.css in Copy CSS */ = {isa = PBXBuildFile; fileRef = E2F30BC616BF0BEC00D1A69D /* gifman.css */; };
		E2F30BCB16BF0CB600D1A69D /* icon_arrow_down.png in Copy Graphics */ = {isa = PBXBuildFile; fileRef = E2F30B7E16BF0BA000D1A69D /* icon_arrow_down.png */; };
		E2F30BCD16BF0CB600D1A69D /* icon_arrow_right.png in Copy Graphics */ = {isa = PBXBuildFile; fileRef = E2F30B8016BF0BA000D1A69D /* icon_arrow_right.png */; };
		E2F30BCF16BF0CB600D1A69D /* icon_cancel.png in Copy Graphics */ = {isa = PBXBuildFile; fileRef = E2F30B8216BF0BA000D1A69D /* icon_cancel.png */; };
		E2F30BD116BF0CB600D1A69D /* icon_edit.png in Copy Graphics */ = {isa = PBXBuildFile; fileRef = E2F30B8416BF0BA000D1A69D /* icon_edit.png */; };
		E2F30BD316BF0CB600D1A69D /* icon_edited.png in Copy Graphics */ = {isa = PBXBuildFile; fileRef = E2F30B8616BF0BA000D1A69D /* icon_edited.png */; };
		E2F30BD516BF0CB600D1A69D /* icon_pause.png in Copy Graphics */ = {isa = PBXBuildFile; fileRef = E2F30B8816BF0BA000D1A69D /* icon_pause.png */; };
		E2F30BD716BF0CB600D1A69D /* icon_play.png in Copy Graphics */ = {isa = PBXBuildFile; fileRef = E2F30B8A16BF0BA000D1A69D /* icon_play.png */; };
		E2F30BD916BF0CB600D1A69D /* icon_quicklook.png in Copy Graphics */ = {isa = PBXBuildFile; fileRef = E2F30B8C16BF0BA000D1A69D /* icon_quicklook.png */; };
		E2F30BDB16BF0CB600D1A69D /* icon_refresh.png in Copy Graphics */ = {isa = PBXBuildFile; fileRef = E2F30B8E16BF0BA000D1A69D /* icon_refresh.png */; };
		E2F30BDD16BF0CB600D1A69D /* icon_reveal.png in Copy Graphics */ = {isa = PBXBuildFile; fileRef = E2F30B9016BF0BA000D1A69D /* icon_reveal.png */; };
		E2F30BDF16BF0CB600D1A69D /* icon_stop.png in Copy Graphics */ = {isa = PBXBuildFile; fileRef = E2F30B9216BF0BA000D1A69D /* icon_stop.png */; };
		E2F30BE116BF0CB600D1A69D /* icon_sub.png in Copy Graphics */ = {isa = PBXBuildFile; fileRef = E2F30B9416BF0BA000D1A69D /* icon_sub.png */; };
		E2F30BE316BF0CB600D1A69D /* icon_warning.png in Copy Graphics */ = {isa = PBXBuildFile; fileRef = E2F30B9616BF0BA000D1A69D /* icon_warning.png */; };
		E2F30BE516BF0CB600D1A69D /* loading.gif in Copy Graphics */ = {isa = PBXBuildFile; fileRef = E2F30B9816BF0BA000D1A69D /* loading.gif */; };
		E2F30BE616BF0CB600D1A69D /* transfer-32.png in Copy Graphics */ = {isa = PBXBuildFile; fileRef = E2F30B9916BF0BA000D1A69D /* transfer-32.png */; };
		E2F30BE816BF0CB600D1A69D /* transfer-multiple-32.png in Copy Graphics */ = {isa = PBXBuildFile; fileRef = E2F30B9B16BF0BA000D1A69D /* transfer-multiple-32.png */; };
		E2F30BEA16BF0CB600D1A69D /* typing-16x16-white.gif in Copy Graphics */ = {isa = PBXBuildFile; fileRef = E2F30B9D16BF0BA000D1A69D /* typing-16x16-white.gif */; };
		E2F30BEC16BF0CC000D1A69D /* emoticons.js in Copy Javascript */ = {isa = PBXBuildFile; fileRef = E2F30B9F16BF0BAA00D1A69D /* emoticons.js */; };
		E2F30BED16BF0CC000D1A69D /* jquery.min.js in Copy Javascript */ = {isa = PBXBuildFile; fileRef = E2F30BA016BF0BAA00D1A69D /* jquery.min.js */; };
		E2F30BEE16BF0CC000D1A69D /* jquery.sprite.js in Copy Javascript */ = {isa = PBXBuildFile; fileRef = E2F30BA116BF0BAA00D1A69D /* jquery.sprite.js */; };
		E2F30BEF16BF0CC000D1A69D /* main.js in Copy Javascript */ = {isa = PBXBuildFile; fileRef = E2F30BA216BF0BAA00D1A69D /* main.js */; };
		E2F30BF016BF0CC000D1A69D /* retina.js in Copy Javascript */ = {isa = PBXBuildFile; fileRef = E2F30BA316BF0BAA00D1A69D /* retina.js */; };
		E2F30BF116BF0CC000D1A69D /* gifman.js in Copy Javascript */ = {isa = PBXBuildFile; fileRef = E2F30BC716BF0BF400D1A69D /* gifman.js */; };
		E2F30BF216BF0CC800D1A69D /* Alert.html in Copy Templates */ = {isa = PBXBuildFile; fileRef = E2F30BA616BF0BBC00D1A69D /* Alert.html */; };
		E2F30BF316BF0CC800D1A69D /* CallEnd.html in Copy Templates */ = {isa = PBXBuildFile; fileRef = E2F30BA716BF0BBC00D1A69D /* CallEnd.html */; };
		E2F30BF416BF0CC800D1A69D /* CallStart.html in Copy Templates */ = {isa = PBXBuildFile; fileRef = E2F30BA816BF0BBC00D1A69D /* CallStart.html */; };
		E2F30BF516BF0CC800D1A69D /* History.html in Copy Templates */ = {isa = PBXBuildFile; fileRef = E2F30BA916BF0BBC00D1A69D /* History.html */; };
		E2F30BF616BF0CC800D1A69D /* InEmote.html in Copy Templates */ = {isa = PBXBuildFile; fileRef = E2F30BAA16BF0BBC00D1A69D /* InEmote.html */; };
		E2F30BF716BF0CC800D1A69D /* InFollowupMessage.html in Copy Templates */ = {isa = PBXBuildFile; fileRef = E2F30BAB16BF0BBC00D1A69D /* InFollowupMessage.html */; };
		E2F30BF816BF0CC800D1A69D /* InMessage.html in Copy Templates */ = {isa = PBXBuildFile; fileRef = E2F30BAC16BF0BBC00D1A69D /* InMessage.html */; };
		E2F30BF916BF0CC800D1A69D /* InSms.html in Copy Templates */ = {isa = PBXBuildFile; fileRef = E2F30BAD16BF0BBC00D1A69D /* InSms.html */; };
		E2F30BFA16BF0CC800D1A69D /* InSubTransfer.html in Copy Templates */ = {isa = PBXBuildFile; fileRef = E2F30BAE16BF0BBC00D1A69D /* InSubTransfer.html */; };
		E2F30BFB16BF0CC800D1A69D /* InTransfer.html in Copy Templates */ = {isa = PBXBuildFile; fileRef = E2F30BAF16BF0BBC00D1A69D /* InTransfer.html */; };
		E2F30BFC16BF0CC800D1A69D /* InVideoMessage.html in Copy Templates */ = {isa = PBXBuildFile; fileRef = E2F30BB016BF0BBC00D1A69D /* InVideoMessage.html */; };
		E2F30BFD16BF0CC800D1A69D /* InVoicemail.html in Copy Templates */ = {isa = PBXBuildFile; fileRef = E2F30BB116BF0BBC00D1A69D /* InVoicemail.html */; };
		E2F30BFE16BF0CC800D1A69D /* MoreHistory.html in Copy Templates */ = {isa = PBXBuildFile; fileRef = E2F30BB216BF0BBC00D1A69D /* MoreHistory.html */; };
		E2F30BFF16BF0CC800D1A69D /* MoreHistoryLink.html in Copy Templates */ = {isa = PBXBuildFile; fileRef = E2F30BB316BF0BBC00D1A69D /* MoreHistoryLink.html */; };
		E2F30C0016BF0CC800D1A69D /* OutEmote.html in Copy Templates */ = {isa = PBXBuildFile; fileRef = E2F30BB416BF0BBC00D1A69D /* OutEmote.html */; };
		E2F30C0116BF0CC800D1A69D /* OutFollowupMessage.html in Copy Templates */ = {isa = PBXBuildFile; fileRef = E2F30BB516BF0BBC00D1A69D /* OutFollowupMessage.html */; };
		E2F30C0216BF0CC800D1A69D /* OutMessage.html in Copy Templates */ = {isa = PBXBuildFile; fileRef = E2F30BB616BF0BBC00D1A69D /* OutMessage.html */; };
		E2F30C0316BF0CC800D1A69D /* OutSms.html in Copy Templates */ = {isa = PBXBuildFile; fileRef = E2F30BB716BF0BBC00D1A69D /* OutSms.html */; };
		E2F30C0416BF0CC800D1A69D /* OutSubTransfer.html in Copy Templates */ = {isa = PBXBuildFile; fileRef = E2F30BB816BF0BBC00D1A69D /* OutSubTransfer.html */; };
		E2F30C0516BF0CC800D1A69D /* OutTransfer.html in Copy Templates */ = {isa = PBXBuildFile; fileRef = E2F30BB916BF0BBC00D1A69D /* OutTransfer.html */; };
		E2F30C0616BF0CC800D1A69D /* OutVideoMessage.html in Copy Templates */ = {isa = PBXBuildFile; fileRef = E2F30BBA16BF0BBC00D1A69D /* OutVideoMessage.html */; };
		E2F30C0716BF0CC800D1A69D /* SkypeCallEnd.html in Copy Templates */ = {isa = PBXBuildFile; fileRef = E2F30BBB16BF0BBC00D1A69D /* SkypeCallEnd.html */; };
		E2F30C0816BF0CC800D1A69D /* SkypeCallStart.html in Copy Templates */ = {isa = PBXBuildFile; fileRef = E2F30BBC16BF0BBC00D1A69D /* SkypeCallStart.html */; };
		E2F30C0916BF0CC800D1A69D /* SkypeInVoicemail.html in Copy Templates */ = {isa = PBXBuildFile; fileRef = E2F30BBD16BF0BBC00D1A69D /* SkypeInVoicemail.html */; };
		E2F30C0A16BF0CC800D1A69D /* SmsHead.html in Copy Templates */ = {isa = PBXBuildFile; fileRef = E2F30BBE16BF0BBC00D1A69D /* SmsHead.html */; };
		E2F30C0B16BF0CC800D1A69D /* Topic.html in Copy Templates */ = {isa = PBXBuildFile; fileRef = E2F30BBF16BF0BBC00D1A69D /* Topic.html */; };
		E2F30C0C16BF0CC800D1A69D /* TransferHead.html in Copy Templates */ = {isa = PBXBuildFile; fileRef = E2F30BC016BF0BBC00D1A69D /* TransferHead.html */; };
		E2F30C0D16BF0CC800D1A69D /* Typing.html in Copy Templates */ = {isa = PBXBuildFile; fileRef = E2F30BC116BF0BBC00D1A69D /* Typing.html */; };
		E2F30C0E16BF0D2500D1A69D /* icon_arrow_down@2x.png in Copy Graphics */ = {isa = PBXBuildFile; fileRef = E2F30B7F16BF0BA000D1A69D /* icon_arrow_down@2x.png */; };
		E2F30C0F16BF0D2500D1A69D /* icon_arrow_right@2x.png in Copy Graphics */ = {isa = PBXBuildFile; fileRef = E2F30B8116BF0BA000D1A69D /* icon_arrow_right@2x.png */; };
		E2F30C1016BF0D2500D1A69D /* icon_cancel@2x.png in Copy Graphics */ = {isa = PBXBuildFile; fileRef = E2F30B8316BF0BA000D1A69D /* icon_cancel@2x.png */; };
		E2F30C1116BF0D2500D1A69D /* icon_edit@2x.png in Copy Graphics */ = {isa = PBXBuildFile; fileRef = E2F30B8516BF0BA000D1A69D /* icon_edit@2x.png */; };
		E2F30C1216BF0D2500D1A69D /* icon_edited@2x.png in Copy Graphics */ = {isa = PBXBuildFile; fileRef = E2F30B8716BF0BA000D1A69D /* icon_edited@2x.png */; };
		E2F30C1316BF0D2500D1A69D /* icon_pause@2x.png in Copy Graphics */ = {isa = PBXBuildFile; fileRef = E2F30B8916BF0BA000D1A69D /* icon_pause@2x.png */; };
		E2F30C1416BF0D2500D1A69D /* icon_play@2x.png in Copy Graphics */ = {isa = PBXBuildFile; fileRef = E2F30B8B16BF0BA000D1A69D /* icon_play@2x.png */; };
		E2F30C1516BF0D2500D1A69D /* icon_quicklook@2x.png in Copy Graphics */ = {isa = PBXBuildFile; fileRef = E2F30B8D16BF0BA000D1A69D /* icon_quicklook@2x.png */; };
		E2F30C1616BF0D2500D1A69D /* icon_refresh@2x.png in Copy Graphics */ = {isa = PBXBuildFile; fileRef = E2F30B8F16BF0BA000D1A69D /* icon_refresh@2x.png */; };
		E2F30C1716BF0D2500D1A69D /* icon_reveal@2x.png in Copy Graphics */ = {isa = PBXBuildFile; fileRef = E2F30B9116BF0BA000D1A69D /* icon_reveal@2x.png */; };
		E2F30C1816BF0D2500D1A69D /* icon_stop@2x.png in Copy Graphics */ = {isa = PBXBuildFile; fileRef = E2F30B9316BF0BA000D1A69D /* icon_stop@2x.png */; };
		E2F30C1916BF0D2500D1A69D /* icon_sub@2x.png in Copy Graphics */ = {isa = PBXBuildFile; fileRef = E2F30B9516BF0BA000D1A69D /* icon_sub@2x.png */; };
		E2F30C1A16BF0D2500D1A69D /* icon_warning@2x.png in Copy Graphics */ = {isa = PBXBuildFile; fileRef = E2F30B9716BF0BA000D1A69D /* icon_warning@2x.png */; };
		E2F30C1B16BF0D2500D1A69D /* transfer-32@2x.png in Copy Graphics */ = {isa = PBXBuildFile; fileRef = E2F30B9A16BF0BA000D1A69D /* transfer-32@2x.png */; };
		E2F30C1C16BF0D2500D1A69D /* transfer-multiple-32@2x.png in Copy Graphics */ = {isa = PBXBuildFile; fileRef = E2F30B9C16BF0BA000D1A69D /* transfer-multiple-32@2x.png */; };
		E2F30C1D16BF0D2500D1A69D /* typing-16x16-white@2x.gif in Copy Graphics */ = {isa = PBXBuildFile; fileRef = E2F30B9E16BF0BA000D1A69D /* typing-16x16-white@2x.gif */; };
		E2F30C2116BF287500D1A69D /* jquery-switcher.css in Copy CSS */ = {isa = PBXBuildFile; fileRef = E2F30C1E16BF192200D1A69D /* jquery-switcher.css */; };
		E2F30C2216BF287E00D1A69D /* switcher.plugin.min.js in Copy Javascript */ = {isa = PBXBuildFile; fileRef = E2F30C1F16BF192B00D1A69D /* switcher.plugin.min.js */; };
/* End PBXBuildFile section */

/* Begin PBXContainerItemProxy section */
		E23BD4791633448400D370EF /* PBXContainerItemProxy */ = {
			isa = PBXContainerItemProxy;
			containerPortal = E289B2441631F0AE00412023 /* Project object */;
			proxyType = 1;
			remoteGlobalIDString = E289B24C1631F0AE00412023;
			remoteInfo = "GifMan SIMBL Bundle";
		};
		E23BD47B1633448400D370EF /* PBXContainerItemProxy */ = {
			isa = PBXContainerItemProxy;
			containerPortal = E289B2441631F0AE00412023 /* Project object */;
			proxyType = 1;
			remoteGlobalIDString = E23BD39E163341A700D370EF;
			remoteInfo = "GifMan Chat Style";
		};
/* End PBXContainerItemProxy section */

/* Begin PBXCopyFilesBuildPhase section */
		E23BD3D81633421600D370EF /* Copy Resources */ = {
			isa = PBXCopyFilesBuildPhase;
			buildActionMask = 2147483647;
			dstPath = GifMan.SkypeChatStyle/Contents/Resources;
			dstSubfolderSpec = 16;
			files = (
				E23BD43C1633432B00D370EF /* Conversation.html in Copy Resources */,
			);
			name = "Copy Resources";
			runOnlyForDeploymentPostprocessing = 0;
		};
		E23BD43D1633433600D370EF /* Copy CSS */ = {
			isa = PBXCopyFilesBuildPhase;
			buildActionMask = 2147483647;
			dstPath = GifMan.SkypeChatStyle/Contents/Resources/css;
			dstSubfolderSpec = 16;
			files = (
				E2F30C2116BF287500D1A69D /* jquery-switcher.css in Copy CSS */,
				E2F30BC816BF0CAC00D1A69D /* emoticons.css in Copy CSS */,
				E2F30BC916BF0CAC00D1A69D /* main.css in Copy CSS */,
				E2F30BCA16BF0CAC00D1A69D /* gifman.css in Copy CSS */,
			);
			name = "Copy CSS";
			runOnlyForDeploymentPostprocessing = 0;
		};
		E23BD43E1633437B00D370EF /* Copy Files */ = {
			isa = PBXCopyFilesBuildPhase;
			buildActionMask = 2147483647;
			dstPath = GifMan.SkypeChatStyle/Contents;
			dstSubfolderSpec = 16;
			files = (
				E23BD43F1633438300D370EF /* Info.plist in Copy Files */,
			);
			name = "Copy Files";
			runOnlyForDeploymentPostprocessing = 0;
		};
		E23BD4461633442700D370EF /* Copy Graphics */ = {
			isa = PBXCopyFilesBuildPhase;
			buildActionMask = 2147483647;
			dstPath = GifMan.SkypeChatStyle/Contents/Resources/gfx;
			dstSubfolderSpec = 16;
			files = (
				E2F30C0E16BF0D2500D1A69D /* icon_arrow_down@2x.png in Copy Graphics */,
				E2F30C0F16BF0D2500D1A69D /* icon_arrow_right@2x.png in Copy Graphics */,
				E2F30C1016BF0D2500D1A69D /* icon_cancel@2x.png in Copy Graphics */,
				E2F30C1116BF0D2500D1A69D /* icon_edit@2x.png in Copy Graphics */,
				E2F30C1216BF0D2500D1A69D /* icon_edited@2x.png in Copy Graphics */,
				E2F30C1316BF0D2500D1A69D /* icon_pause@2x.png in Copy Graphics */,
				E2F30C1416BF0D2500D1A69D /* icon_play@2x.png in Copy Graphics */,
				E2F30C1516BF0D2500D1A69D /* icon_quicklook@2x.png in Copy Graphics */,
				E2F30C1616BF0D2500D1A69D /* icon_refresh@2x.png in Copy Graphics */,
				E2F30C1716BF0D2500D1A69D /* icon_reveal@2x.png in Copy Graphics */,
				E2F30C1816BF0D2500D1A69D /* icon_stop@2x.png in Copy Graphics */,
				E2F30C1916BF0D2500D1A69D /* icon_sub@2x.png in Copy Graphics */,
				E2F30C1A16BF0D2500D1A69D /* icon_warning@2x.png in Copy Graphics */,
				E2F30C1B16BF0D2500D1A69D /* transfer-32@2x.png in Copy Graphics */,
				E2F30C1C16BF0D2500D1A69D /* transfer-multiple-32@2x.png in Copy Graphics */,
				E2F30C1D16BF0D2500D1A69D /* typing-16x16-white@2x.gif in Copy Graphics */,
				E2F30BCB16BF0CB600D1A69D /* icon_arrow_down.png in Copy Graphics */,
				E2F30BCD16BF0CB600D1A69D /* icon_arrow_right.png in Copy Graphics */,
				E2F30BCF16BF0CB600D1A69D /* icon_cancel.png in Copy Graphics */,
				E2F30BD116BF0CB600D1A69D /* icon_edit.png in Copy Graphics */,
				E2F30BD316BF0CB600D1A69D /* icon_edited.png in Copy Graphics */,
				E2F30BD516BF0CB600D1A69D /* icon_pause.png in Copy Graphics */,
				E2F30BD716BF0CB600D1A69D /* icon_play.png in Copy Graphics */,
				E2F30BD916BF0CB600D1A69D /* icon_quicklook.png in Copy Graphics */,
				E2F30BDB16BF0CB600D1A69D /* icon_refresh.png in Copy Graphics */,
				E2F30BDD16BF0CB600D1A69D /* icon_reveal.png in Copy Graphics */,
				E2F30BDF16BF0CB600D1A69D /* icon_stop.png in Copy Graphics */,
				E2F30BE116BF0CB600D1A69D /* icon_sub.png in Copy Graphics */,
				E2F30BE316BF0CB600D1A69D /* icon_warning.png in Copy Graphics */,
				E2F30BE516BF0CB600D1A69D /* loading.gif in Copy Graphics */,
				E2F30BE616BF0CB600D1A69D /* transfer-32.png in Copy Graphics */,
				E2F30BE816BF0CB600D1A69D /* transfer-multiple-32.png in Copy Graphics */,
				E2F30BEA16BF0CB600D1A69D /* typing-16x16-white.gif in Copy Graphics */,
			);
			name = "Copy Graphics";
			runOnlyForDeploymentPostprocessing = 0;
		};
		E23BD4471633443300D370EF /* Copy Javascript */ = {
			isa = PBXCopyFilesBuildPhase;
			buildActionMask = 2147483647;
			dstPath = GifMan.SkypeChatStyle/Contents/Resources/js;
			dstSubfolderSpec = 16;
			files = (
				E2F30C2216BF287E00D1A69D /* switcher.plugin.min.js in Copy Javascript */,
				E2F30BEC16BF0CC000D1A69D /* emoticons.js in Copy Javascript */,
				E2F30BED16BF0CC000D1A69D /* jquery.min.js in Copy Javascript */,
				E2F30BEE16BF0CC000D1A69D /* jquery.sprite.js in Copy Javascript */,
				E2F30BEF16BF0CC000D1A69D /* main.js in Copy Javascript */,
				E2F30BF016BF0CC000D1A69D /* retina.js in Copy Javascript */,
				E2F30BF116BF0CC000D1A69D /* gifman.js in Copy Javascript */,
			);
			name = "Copy Javascript";
			runOnlyForDeploymentPostprocessing = 0;
		};
		E23BD4481633443A00D370EF /* Copy Templates */ = {
			isa = PBXCopyFilesBuildPhase;
			buildActionMask = 2147483647;
			dstPath = GifMan.SkypeChatStyle/Contents/Resources/templates;
			dstSubfolderSpec = 16;
			files = (
				E2F30BF216BF0CC800D1A69D /* Alert.html in Copy Templates */,
				E2F30BF316BF0CC800D1A69D /* CallEnd.html in Copy Templates */,
				E2F30BF416BF0CC800D1A69D /* CallStart.html in Copy Templates */,
				E2F30BF516BF0CC800D1A69D /* History.html in Copy Templates */,
				E2F30BF616BF0CC800D1A69D /* InEmote.html in Copy Templates */,
				E2F30BF716BF0CC800D1A69D /* InFollowupMessage.html in Copy Templates */,
				E2F30BF816BF0CC800D1A69D /* InMessage.html in Copy Templates */,
				E2F30BF916BF0CC800D1A69D /* InSms.html in Copy Templates */,
				E2F30BFA16BF0CC800D1A69D /* InSubTransfer.html in Copy Templates */,
				E2F30BFB16BF0CC800D1A69D /* InTransfer.html in Copy Templates */,
				E2F30BFC16BF0CC800D1A69D /* InVideoMessage.html in Copy Templates */,
				E2F30BFD16BF0CC800D1A69D /* InVoicemail.html in Copy Templates */,
				E2F30BFE16BF0CC800D1A69D /* MoreHistory.html in Copy Templates */,
				E2F30BFF16BF0CC800D1A69D /* MoreHistoryLink.html in Copy Templates */,
				E2F30C0016BF0CC800D1A69D /* OutEmote.html in Copy Templates */,
				E2F30C0116BF0CC800D1A69D /* OutFollowupMessage.html in Copy Templates */,
				E2F30C0216BF0CC800D1A69D /* OutMessage.html in Copy Templates */,
				E2F30C0316BF0CC800D1A69D /* OutSms.html in Copy Templates */,
				E2F30C0416BF0CC800D1A69D /* OutSubTransfer.html in Copy Templates */,
				E2F30C0516BF0CC800D1A69D /* OutTransfer.html in Copy Templates */,
				E2F30C0616BF0CC800D1A69D /* OutVideoMessage.html in Copy Templates */,
				E2F30C0716BF0CC800D1A69D /* SkypeCallEnd.html in Copy Templates */,
				E2F30C0816BF0CC800D1A69D /* SkypeCallStart.html in Copy Templates */,
				E2F30C0916BF0CC800D1A69D /* SkypeInVoicemail.html in Copy Templates */,
				E2F30C0A16BF0CC800D1A69D /* SmsHead.html in Copy Templates */,
				E2F30C0B16BF0CC800D1A69D /* Topic.html in Copy Templates */,
				E2F30C0C16BF0CC800D1A69D /* TransferHead.html in Copy Templates */,
				E2F30C0D16BF0CC800D1A69D /* Typing.html in Copy Templates */,
			);
			name = "Copy Templates";
			runOnlyForDeploymentPostprocessing = 0;
		};
/* End PBXCopyFilesBuildPhase section */

/* Begin PBXFileReference section */
		E23BD3DA163342AD00D370EF /* Info.plist */ = {isa = PBXFileReference; lastKnownFileType = text.plist.xml; path = Info.plist; sourceTree = "<group>"; };
		E23BD3DC163342B900D370EF /* Conversation.html */ = {isa = PBXFileReference; fileEncoding = 4; lastKnownFileType = text.html; path = Conversation.html; sourceTree = "<group>"; };
		E289B24D1631F0AE00412023 /* GifMan.bundle */ = {isa = PBXFileReference; explicitFileType = wrapper.cfbundle; includeInIndex = 0; path = GifMan.bundle; sourceTree = BUILT_PRODUCTS_DIR; };
		E289B2501631F0AE00412023 /* Cocoa.framework */ = {isa = PBXFileReference; lastKnownFileType = wrapper.framework; name = Cocoa.framework; path = System/Library/Frameworks/Cocoa.framework; sourceTree = SDKROOT; };
		E289B2531631F0AE00412023 /* AppKit.framework */ = {isa = PBXFileReference; lastKnownFileType = wrapper.framework; name = AppKit.framework; path = System/Library/Frameworks/AppKit.framework; sourceTree = SDKROOT; };
		E289B2541631F0AE00412023 /* CoreData.framework */ = {isa = PBXFileReference; lastKnownFileType = wrapper.framework; name = CoreData.framework; path = System/Library/Frameworks/CoreData.framework; sourceTree = SDKROOT; };
		E289B2551631F0AE00412023 /* Foundation.framework */ = {isa = PBXFileReference; lastKnownFileType = wrapper.framework; name = Foundation.framework; path = System/Library/Frameworks/Foundation.framework; sourceTree = SDKROOT; };
		E289B2581631F0AE00412023 /* GifMan-Info.plist */ = {isa = PBXFileReference; lastKnownFileType = text.plist.xml; path = "GifMan-Info.plist"; sourceTree = "<group>"; };
		E289B25A1631F0AE00412023 /* en */ = {isa = PBXFileReference; lastKnownFileType = text.plist.strings; name = en; path = en.lproj/InfoPlist.strings; sourceTree = "<group>"; };
		E289B25C1631F0AE00412023 /* GifMan-Prefix.pch */ = {isa = PBXFileReference; lastKnownFileType = sourcecode.c.h; path = "GifMan-Prefix.pch"; sourceTree = "<group>"; };
		E289B2651631F0F600412023 /* GifManPlugin.h */ = {isa = PBXFileReference; fileEncoding = 4; lastKnownFileType = sourcecode.c.h; path = GifManPlugin.h; sourceTree = "<group>"; };
		E289B2661631F0F600412023 /* GifManPlugin.m */ = {isa = PBXFileReference; fileEncoding = 4; lastKnownFileType = sourcecode.c.objc; path = GifManPlugin.m; sourceTree = "<group>"; };
		E289B26C1631F32200412023 /* Skype.framework */ = {isa = PBXFileReference; lastKnownFileType = wrapper.framework; name = Skype.framework; path = GifMan/Skype.framework; sourceTree = "<group>"; };
		E28BF4EC16344B7F00162986 /* WebKit.framework */ = {isa = PBXFileReference; lastKnownFileType = wrapper.framework; name = WebKit.framework; path = System/Library/Frameworks/WebKit.framework; sourceTree = SDKROOT; };
		E2F30B7E16BF0BA000D1A69D /* icon_arrow_down.png */ = {isa = PBXFileReference; lastKnownFileType = image.png; path = icon_arrow_down.png; sourceTree = "<group>"; };
		E2F30B7F16BF0BA000D1A69D /* icon_arrow_down@2x.png */ = {isa = PBXFileReference; lastKnownFileType = image.png; path = "icon_arrow_down@2x.png"; sourceTree = "<group>"; };
		E2F30B8016BF0BA000D1A69D /* icon_arrow_right.png */ = {isa = PBXFileReference; lastKnownFileType = image.png; path = icon_arrow_right.png; sourceTree = "<group>"; };
		E2F30B8116BF0BA000D1A69D /* icon_arrow_right@2x.png */ = {isa = PBXFileReference; lastKnownFileType = image.png; path = "icon_arrow_right@2x.png"; sourceTree = "<group>"; };
		E2F30B8216BF0BA000D1A69D /* icon_cancel.png */ = {isa = PBXFileReference; lastKnownFileType = image.png; path = icon_cancel.png; sourceTree = "<group>"; };
		E2F30B8316BF0BA000D1A69D /* icon_cancel@2x.png */ = {isa = PBXFileReference; lastKnownFileType = image.png; path = "icon_cancel@2x.png"; sourceTree = "<group>"; };
		E2F30B8416BF0BA000D1A69D /* icon_edit.png */ = {isa = PBXFileReference; lastKnownFileType = image.png; path = icon_edit.png; sourceTree = "<group>"; };
		E2F30B8516BF0BA000D1A69D /* icon_edit@2x.png */ = {isa = PBXFileReference; lastKnownFileType = image.png; path = "icon_edit@2x.png"; sourceTree = "<group>"; };
		E2F30B8616BF0BA000D1A69D /* icon_edited.png */ = {isa = PBXFileReference; lastKnownFileType = image.png; path = icon_edited.png; sourceTree = "<group>"; };
		E2F30B8716BF0BA000D1A69D /* icon_edited@2x.png */ = {isa = PBXFileReference; lastKnownFileType = image.png; path = "icon_edited@2x.png"; sourceTree = "<group>"; };
		E2F30B8816BF0BA000D1A69D /* icon_pause.png */ = {isa = PBXFileReference; lastKnownFileType = image.png; path = icon_pause.png; sourceTree = "<group>"; };
		E2F30B8916BF0BA000D1A69D /* icon_pause@2x.png */ = {isa = PBXFileReference; lastKnownFileType = image.png; path = "icon_pause@2x.png"; sourceTree = "<group>"; };
		E2F30B8A16BF0BA000D1A69D /* icon_play.png */ = {isa = PBXFileReference; lastKnownFileType = image.png; path = icon_play.png; sourceTree = "<group>"; };
		E2F30B8B16BF0BA000D1A69D /* icon_play@2x.png */ = {isa = PBXFileReference; lastKnownFileType = image.png; path = "icon_play@2x.png"; sourceTree = "<group>"; };
		E2F30B8C16BF0BA000D1A69D /* icon_quicklook.png */ = {isa = PBXFileReference; lastKnownFileType = image.png; path = icon_quicklook.png; sourceTree = "<group>"; };
		E2F30B8D16BF0BA000D1A69D /* icon_quicklook@2x.png */ = {isa = PBXFileReference; lastKnownFileType = image.png; path = "icon_quicklook@2x.png"; sourceTree = "<group>"; };
		E2F30B8E16BF0BA000D1A69D /* icon_refresh.png */ = {isa = PBXFileReference; lastKnownFileType = image.png; path = icon_refresh.png; sourceTree = "<group>"; };
		E2F30B8F16BF0BA000D1A69D /* icon_refresh@2x.png */ = {isa = PBXFileReference; lastKnownFileType = image.png; path = "icon_refresh@2x.png"; sourceTree = "<group>"; };
		E2F30B9016BF0BA000D1A69D /* icon_reveal.png */ = {isa = PBXFileReference; lastKnownFileType = image.png; path = icon_reveal.png; sourceTree = "<group>"; };
		E2F30B9116BF0BA000D1A69D /* icon_reveal@2x.png */ = {isa = PBXFileReference; lastKnownFileType = image.png; path = "icon_reveal@2x.png"; sourceTree = "<group>"; };
		E2F30B9216BF0BA000D1A69D /* icon_stop.png */ = {isa = PBXFileReference; lastKnownFileType = image.png; path = icon_stop.png; sourceTree = "<group>"; };
		E2F30B9316BF0BA000D1A69D /* icon_stop@2x.png */ = {isa = PBXFileReference; lastKnownFileType = image.png; path = "icon_stop@2x.png"; sourceTree = "<group>"; };
		E2F30B9416BF0BA000D1A69D /* icon_sub.png */ = {isa = PBXFileReference; lastKnownFileType = image.png; path = icon_sub.png; sourceTree = "<group>"; };
		E2F30B9516BF0BA000D1A69D /* icon_sub@2x.png */ = {isa = PBXFileReference; lastKnownFileType = image.png; path = "icon_sub@2x.png"; sourceTree = "<group>"; };
		E2F30B9616BF0BA000D1A69D /* icon_warning.png */ = {isa = PBXFileReference; lastKnownFileType = image.png; path = icon_warning.png; sourceTree = "<group>"; };
		E2F30B9716BF0BA000D1A69D /* icon_warning@2x.png */ = {isa = PBXFileReference; lastKnownFileType = image.png; path = "icon_warning@2x.png"; sourceTree = "<group>"; };
		E2F30B9816BF0BA000D1A69D /* loading.gif */ = {isa = PBXFileReference; lastKnownFileType = image.gif; path = loading.gif; sourceTree = "<group>"; };
		E2F30B9916BF0BA000D1A69D /* transfer-32.png */ = {isa = PBXFileReference; lastKnownFileType = image.png; path = "transfer-32.png"; sourceTree = "<group>"; };
		E2F30B9A16BF0BA000D1A69D /* transfer-32@2x.png */ = {isa = PBXFileReference; lastKnownFileType = image.png; path = "transfer-32@2x.png"; sourceTree = "<group>"; };
		E2F30B9B16BF0BA000D1A69D /* transfer-multiple-32.png */ = {isa = PBXFileReference; lastKnownFileType = image.png; path = "transfer-multiple-32.png"; sourceTree = "<group>"; };
		E2F30B9C16BF0BA000D1A69D /* transfer-multiple-32@2x.png */ = {isa = PBXFileReference; lastKnownFileType = image.png; path = "transfer-multiple-32@2x.png"; sourceTree = "<group>"; };
		E2F30B9D16BF0BA000D1A69D /* typing-16x16-white.gif */ = {isa = PBXFileReference; lastKnownFileType = image.gif; path = "typing-16x16-white.gif"; sourceTree = "<group>"; };
		E2F30B9E16BF0BA000D1A69D /* typing-16x16-white@2x.gif */ = {isa = PBXFileReference; lastKnownFileType = image.gif; path = "typing-16x16-white@2x.gif"; sourceTree = "<group>"; };
		E2F30B9F16BF0BAA00D1A69D /* emoticons.js */ = {isa = PBXFileReference; fileEncoding = 4; lastKnownFileType = sourcecode.javascript; path = emoticons.js; sourceTree = "<group>"; };
		E2F30BA016BF0BAA00D1A69D /* jquery.min.js */ = {isa = PBXFileReference; fileEncoding = 4; lastKnownFileType = sourcecode.javascript; path = jquery.min.js; sourceTree = "<group>"; };
		E2F30BA116BF0BAA00D1A69D /* jquery.sprite.js */ = {isa = PBXFileReference; fileEncoding = 4; lastKnownFileType = sourcecode.javascript; path = jquery.sprite.js; sourceTree = "<group>"; };
		E2F30BA216BF0BAA00D1A69D /* main.js */ = {isa = PBXFileReference; fileEncoding = 4; lastKnownFileType = sourcecode.javascript; path = main.js; sourceTree = "<group>"; };
		E2F30BA316BF0BAA00D1A69D /* retina.js */ = {isa = PBXFileReference; fileEncoding = 4; lastKnownFileType = sourcecode.javascript; path = retina.js; sourceTree = "<group>"; };
		E2F30BA416BF0BB300D1A69D /* emoticons.css */ = {isa = PBXFileReference; lastKnownFileType = text.css; path = emoticons.css; sourceTree = "<group>"; };
		E2F30BA516BF0BB300D1A69D /* main.css */ = {isa = PBXFileReference; lastKnownFileType = text.css; path = main.css; sourceTree = "<group>"; };
		E2F30BA616BF0BBC00D1A69D /* Alert.html */ = {isa = PBXFileReference; fileEncoding = 4; lastKnownFileType = text.html; path = Alert.html; sourceTree = "<group>"; };
		E2F30BA716BF0BBC00D1A69D /* CallEnd.html */ = {isa = PBXFileReference; fileEncoding = 4; lastKnownFileType = text.html; path = CallEnd.html; sourceTree = "<group>"; };
		E2F30BA816BF0BBC00D1A69D /* CallStart.html */ = {isa = PBXFileReference; fileEncoding = 4; lastKnownFileType = text.html; path = CallStart.html; sourceTree = "<group>"; };
		E2F30BA916BF0BBC00D1A69D /* History.html */ = {isa = PBXFileReference; fileEncoding = 4; lastKnownFileType = text.html; path = History.html; sourceTree = "<group>"; };
		E2F30BAA16BF0BBC00D1A69D /* InEmote.html */ = {isa = PBXFileReference; fileEncoding = 4; lastKnownFileType = text.html; path = InEmote.html; sourceTree = "<group>"; };
		E2F30BAB16BF0BBC00D1A69D /* InFollowupMessage.html */ = {isa = PBXFileReference; fileEncoding = 4; lastKnownFileType = text.html; path = InFollowupMessage.html; sourceTree = "<group>"; };
		E2F30BAC16BF0BBC00D1A69D /* InMessage.html */ = {isa = PBXFileReference; fileEncoding = 4; lastKnownFileType = text.html; path = InMessage.html; sourceTree = "<group>"; };
		E2F30BAD16BF0BBC00D1A69D /* InSms.html */ = {isa = PBXFileReference; fileEncoding = 4; lastKnownFileType = text.html; path = InSms.html; sourceTree = "<group>"; };
		E2F30BAE16BF0BBC00D1A69D /* InSubTransfer.html */ = {isa = PBXFileReference; fileEncoding = 4; lastKnownFileType = text.html; path = InSubTransfer.html; sourceTree = "<group>"; };
		E2F30BAF16BF0BBC00D1A69D /* InTransfer.html */ = {isa = PBXFileReference; fileEncoding = 4; lastKnownFileType = text.html; path = InTransfer.html; sourceTree = "<group>"; };
		E2F30BB016BF0BBC00D1A69D /* InVideoMessage.html */ = {isa = PBXFileReference; fileEncoding = 4; lastKnownFileType = text.html; path = InVideoMessage.html; sourceTree = "<group>"; };
		E2F30BB116BF0BBC00D1A69D /* InVoicemail.html */ = {isa = PBXFileReference; fileEncoding = 4; lastKnownFileType = text.html; path = InVoicemail.html; sourceTree = "<group>"; };
		E2F30BB216BF0BBC00D1A69D /* MoreHistory.html */ = {isa = PBXFileReference; fileEncoding = 4; lastKnownFileType = text.html; path = MoreHistory.html; sourceTree = "<group>"; };
		E2F30BB316BF0BBC00D1A69D /* MoreHistoryLink.html */ = {isa = PBXFileReference; fileEncoding = 4; lastKnownFileType = text.html; path = MoreHistoryLink.html; sourceTree = "<group>"; };
		E2F30BB416BF0BBC00D1A69D /* OutEmote.html */ = {isa = PBXFileReference; fileEncoding = 4; lastKnownFileType = text.html; path = OutEmote.html; sourceTree = "<group>"; };
		E2F30BB516BF0BBC00D1A69D /* OutFollowupMessage.html */ = {isa = PBXFileReference; fileEncoding = 4; lastKnownFileType = text.html; path = OutFollowupMessage.html; sourceTree = "<group>"; };
		E2F30BB616BF0BBC00D1A69D /* OutMessage.html */ = {isa = PBXFileReference; fileEncoding = 4; lastKnownFileType = text.html; path = OutMessage.html; sourceTree = "<group>"; };
		E2F30BB716BF0BBC00D1A69D /* OutSms.html */ = {isa = PBXFileReference; fileEncoding = 4; lastKnownFileType = text.html; path = OutSms.html; sourceTree = "<group>"; };
		E2F30BB816BF0BBC00D1A69D /* OutSubTransfer.html */ = {isa = PBXFileReference; fileEncoding = 4; lastKnownFileType = text.html; path = OutSubTransfer.html; sourceTree = "<group>"; };
		E2F30BB916BF0BBC00D1A69D /* OutTransfer.html */ = {isa = PBXFileReference; fileEncoding = 4; lastKnownFileType = text.html; path = OutTransfer.html; sourceTree = "<group>"; };
		E2F30BBA16BF0BBC00D1A69D /* OutVideoMessage.html */ = {isa = PBXFileReference; fileEncoding = 4; lastKnownFileType = text.html; path = OutVideoMessage.html; sourceTree = "<group>"; };
		E2F30BBB16BF0BBC00D1A69D /* SkypeCallEnd.html */ = {isa = PBXFileReference; fileEncoding = 4; lastKnownFileType = text.html; path = SkypeCallEnd.html; sourceTree = "<group>"; };
		E2F30BBC16BF0BBC00D1A69D /* SkypeCallStart.html */ = {isa = PBXFileReference; fileEncoding = 4; lastKnownFileType = text.html; path = SkypeCallStart.html; sourceTree = "<group>"; };
		E2F30BBD16BF0BBC00D1A69D /* SkypeInVoicemail.html */ = {isa = PBXFileReference; fileEncoding = 4; lastKnownFileType = text.html; path = SkypeInVoicemail.html; sourceTree = "<group>"; };
		E2F30BBE16BF0BBC00D1A69D /* SmsHead.html */ = {isa = PBXFileReference; fileEncoding = 4; lastKnownFileType = text.html; path = SmsHead.html; sourceTree = "<group>"; };
		E2F30BBF16BF0BBC00D1A69D /* Topic.html */ = {isa = PBXFileReference; fileEncoding = 4; lastKnownFileType = text.html; path = Topic.html; sourceTree = "<group>"; };
		E2F30BC016BF0BBC00D1A69D /* TransferHead.html */ = {isa = PBXFileReference; fileEncoding = 4; lastKnownFileType = text.html; path = TransferHead.html; sourceTree = "<group>"; };
		E2F30BC116BF0BBC00D1A69D /* Typing.html */ = {isa = PBXFileReference; fileEncoding = 4; lastKnownFileType = text.html; path = Typing.html; sourceTree = "<group>"; };
		E2F30BC616BF0BEC00D1A69D /* gifman.css */ = {isa = PBXFileReference; fileEncoding = 4; lastKnownFileType = text.css; path = gifman.css; sourceTree = "<group>"; };
		E2F30BC716BF0BF400D1A69D /* gifman.js */ = {isa = PBXFileReference; fileEncoding = 4; lastKnownFileType = sourcecode.javascript; path = gifman.js; sourceTree = "<group>"; };
		E2F30C1E16BF192200D1A69D /* jquery-switcher.css */ = {isa = PBXFileReference; lastKnownFileType = text.css; path = "jquery-switcher.css"; sourceTree = "<group>"; };
		E2F30C1F16BF192B00D1A69D /* switcher.plugin.min.js */ = {isa = PBXFileReference; lastKnownFileType = sourcecode.javascript; path = switcher.plugin.min.js; sourceTree = "<group>"; };
		E2F30C2016BF1F1700D1A69D /* Example.html */ = {isa = PBXFileReference; fileEncoding = 4; lastKnownFileType = text.html; path = Example.html; sourceTree = "<group>"; };
/* End PBXFileReference section */

/* Begin PBXFrameworksBuildPhase section */
		E289B24A1631F0AE00412023 /* Frameworks */ = {
			isa = PBXFrameworksBuildPhase;
			buildActionMask = 2147483647;
			files = (
				E28BF4ED16344B7F00162986 /* WebKit.framework in Frameworks */,
				E289B2511631F0AE00412023 /* Cocoa.framework in Frameworks */,
				E289B26D1631F32200412023 /* Skype.framework in Frameworks */,
			);
			runOnlyForDeploymentPostprocessing = 0;
		};
/* End PBXFrameworksBuildPhase section */

/* Begin PBXGroup section */
		E23BD39C1633418900D370EF /* SIMBL Bundle */ = {
			isa = PBXGroup;
			children = (
				E289B2571631F0AE00412023 /* Supporting Files */,
				E289B2651631F0F600412023 /* GifManPlugin.h */,
				E289B2661631F0F600412023 /* GifManPlugin.m */,
			);
			name = "SIMBL Bundle";
			sourceTree = "<group>";
		};
		E23BD39D1633419100D370EF /* Chat Style */ = {
			isa = PBXGroup;
			children = (
				E23BD3DB163342B900D370EF /* Resources */,
				E23BD3D1163341F800D370EF /* Supporting Files */,
				E2F30C2016BF1F1700D1A69D /* Example.html */,
			);
			name = "Chat Style";
			sourceTree = "<group>";
		};
		E23BD3D1163341F800D370EF /* Supporting Files */ = {
			isa = PBXGroup;
			children = (
				E23BD3DA163342AD00D370EF /* Info.plist */,
			);
			name = "Supporting Files";
			sourceTree = "<group>";
		};
		E23BD3DB163342B900D370EF /* Resources */ = {
			isa = PBXGroup;
			children = (
				E23BD3DC163342B900D370EF /* Conversation.html */,
				E23BD3DD163342B900D370EF /* css */,
				E23BD3DF163342B900D370EF /* gfx */,
				E23BD3F0163342B900D370EF /* js */,
				E23BD3F3163342B900D370EF /* templates */,
			);
			path = Resources;
			sourceTree = "<group>";
		};
		E23BD3DD163342B900D370EF /* css */ = {
			isa = PBXGroup;
			children = (
				E2F30C1E16BF192200D1A69D /* jquery-switcher.css */,
				E2F30BA416BF0BB300D1A69D /* emoticons.css */,
				E2F30BA516BF0BB300D1A69D /* main.css */,
				E2F30BC616BF0BEC00D1A69D /* gifman.css */,
			);
			path = css;
			sourceTree = "<group>";
		};
		E23BD3DF163342B900D370EF /* gfx */ = {
			isa = PBXGroup;
			children = (
				E2F30B7E16BF0BA000D1A69D /* icon_arrow_down.png */,
				E2F30B7F16BF0BA000D1A69D /* icon_arrow_down@2x.png */,
				E2F30B8016BF0BA000D1A69D /* icon_arrow_right.png */,
				E2F30B8116BF0BA000D1A69D /* icon_arrow_right@2x.png */,
				E2F30B8216BF0BA000D1A69D /* icon_cancel.png */,
				E2F30B8316BF0BA000D1A69D /* icon_cancel@2x.png */,
				E2F30B8416BF0BA000D1A69D /* icon_edit.png */,
				E2F30B8516BF0BA000D1A69D /* icon_edit@2x.png */,
				E2F30B8616BF0BA000D1A69D /* icon_edited.png */,
				E2F30B8716BF0BA000D1A69D /* icon_edited@2x.png */,
				E2F30B8816BF0BA000D1A69D /* icon_pause.png */,
				E2F30B8916BF0BA000D1A69D /* icon_pause@2x.png */,
				E2F30B8A16BF0BA000D1A69D /* icon_play.png */,
				E2F30B8B16BF0BA000D1A69D /* icon_play@2x.png */,
				E2F30B8C16BF0BA000D1A69D /* icon_quicklook.png */,
				E2F30B8D16BF0BA000D1A69D /* icon_quicklook@2x.png */,
				E2F30B8E16BF0BA000D1A69D /* icon_refresh.png */,
				E2F30B8F16BF0BA000D1A69D /* icon_refresh@2x.png */,
				E2F30B9016BF0BA000D1A69D /* icon_reveal.png */,
				E2F30B9116BF0BA000D1A69D /* icon_reveal@2x.png */,
				E2F30B9216BF0BA000D1A69D /* icon_stop.png */,
				E2F30B9316BF0BA000D1A69D /* icon_stop@2x.png */,
				E2F30B9416BF0BA000D1A69D /* icon_sub.png */,
				E2F30B9516BF0BA000D1A69D /* icon_sub@2x.png */,
				E2F30B9616BF0BA000D1A69D /* icon_warning.png */,
				E2F30B9716BF0BA000D1A69D /* icon_warning@2x.png */,
				E2F30B9816BF0BA000D1A69D /* loading.gif */,
				E2F30B9916BF0BA000D1A69D /* transfer-32.png */,
				E2F30B9A16BF0BA000D1A69D /* transfer-32@2x.png */,
				E2F30B9B16BF0BA000D1A69D /* transfer-multiple-32.png */,
				E2F30B9C16BF0BA000D1A69D /* transfer-multiple-32@2x.png */,
				E2F30B9D16BF0BA000D1A69D /* typing-16x16-white.gif */,
				E2F30B9E16BF0BA000D1A69D /* typing-16x16-white@2x.gif */,
			);
			path = gfx;
			sourceTree = "<group>";
		};
		E23BD3F0163342B900D370EF /* js */ = {
			isa = PBXGroup;
			children = (
				E2F30C1F16BF192B00D1A69D /* switcher.plugin.min.js */,
				E2F30B9F16BF0BAA00D1A69D /* emoticons.js */,
				E2F30BA016BF0BAA00D1A69D /* jquery.min.js */,
				E2F30BA116BF0BAA00D1A69D /* jquery.sprite.js */,
				E2F30BA216BF0BAA00D1A69D /* main.js */,
				E2F30BA316BF0BAA00D1A69D /* retina.js */,
				E2F30BC716BF0BF400D1A69D /* gifman.js */,
			);
			path = js;
			sourceTree = "<group>";
		};
		E23BD3F3163342B900D370EF /* templates */ = {
			isa = PBXGroup;
			children = (
				E2F30BA616BF0BBC00D1A69D /* Alert.html */,
				E2F30BA716BF0BBC00D1A69D /* CallEnd.html */,
				E2F30BA816BF0BBC00D1A69D /* CallStart.html */,
				E2F30BA916BF0BBC00D1A69D /* History.html */,
				E2F30BAA16BF0BBC00D1A69D /* InEmote.html */,
				E2F30BAB16BF0BBC00D1A69D /* InFollowupMessage.html */,
				E2F30BAC16BF0BBC00D1A69D /* InMessage.html */,
				E2F30BAD16BF0BBC00D1A69D /* InSms.html */,
				E2F30BAE16BF0BBC00D1A69D /* InSubTransfer.html */,
				E2F30BAF16BF0BBC00D1A69D /* InTransfer.html */,
				E2F30BB016BF0BBC00D1A69D /* InVideoMessage.html */,
				E2F30BB116BF0BBC00D1A69D /* InVoicemail.html */,
				E2F30BB216BF0BBC00D1A69D /* MoreHistory.html */,
				E2F30BB316BF0BBC00D1A69D /* MoreHistoryLink.html */,
				E2F30BB416BF0BBC00D1A69D /* OutEmote.html */,
				E2F30BB516BF0BBC00D1A69D /* OutFollowupMessage.html */,
				E2F30BB616BF0BBC00D1A69D /* OutMessage.html */,
				E2F30BB716BF0BBC00D1A69D /* OutSms.html */,
				E2F30BB816BF0BBC00D1A69D /* OutSubTransfer.html */,
				E2F30BB916BF0BBC00D1A69D /* OutTransfer.html */,
				E2F30BBA16BF0BBC00D1A69D /* OutVideoMessage.html */,
				E2F30BBB16BF0BBC00D1A69D /* SkypeCallEnd.html */,
				E2F30BBC16BF0BBC00D1A69D /* SkypeCallStart.html */,
				E2F30BBD16BF0BBC00D1A69D /* SkypeInVoicemail.html */,
				E2F30BBE16BF0BBC00D1A69D /* SmsHead.html */,
				E2F30BBF16BF0BBC00D1A69D /* Topic.html */,
				E2F30BC016BF0BBC00D1A69D /* TransferHead.html */,
				E2F30BC116BF0BBC00D1A69D /* Typing.html */,
			);
			path = templates;
			sourceTree = "<group>";
		};
		E289B2421631F0AE00412023 = {
			isa = PBXGroup;
			children = (
				E289B2561631F0AE00412023 /* GifMan */,
				E289B24F1631F0AE00412023 /* Frameworks */,
				E289B24E1631F0AE00412023 /* Products */,
			);
			sourceTree = "<group>";
		};
		E289B24E1631F0AE00412023 /* Products */ = {
			isa = PBXGroup;
			children = (
				E289B24D1631F0AE00412023 /* GifMan.bundle */,
			);
			name = Products;
			sourceTree = "<group>";
		};
		E289B24F1631F0AE00412023 /* Frameworks */ = {
			isa = PBXGroup;
			children = (
				E28BF4EC16344B7F00162986 /* WebKit.framework */,
				E289B26C1631F32200412023 /* Skype.framework */,
				E289B2501631F0AE00412023 /* Cocoa.framework */,
				E289B2521631F0AE00412023 /* Other Frameworks */,
			);
			name = Frameworks;
			sourceTree = "<group>";
		};
		E289B2521631F0AE00412023 /* Other Frameworks */ = {
			isa = PBXGroup;
			children = (
				E289B2531631F0AE00412023 /* AppKit.framework */,
				E289B2541631F0AE00412023 /* CoreData.framework */,
				E289B2551631F0AE00412023 /* Foundation.framework */,
			);
			name = "Other Frameworks";
			sourceTree = "<group>";
		};
		E289B2561631F0AE00412023 /* GifMan */ = {
			isa = PBXGroup;
			children = (
				E23BD39D1633419100D370EF /* Chat Style */,
				E23BD39C1633418900D370EF /* SIMBL Bundle */,
			);
			path = GifMan;
			sourceTree = "<group>";
		};
		E289B2571631F0AE00412023 /* Supporting Files */ = {
			isa = PBXGroup;
			children = (
				E289B2581631F0AE00412023 /* GifMan-Info.plist */,
				E289B2591631F0AE00412023 /* InfoPlist.strings */,
				E289B25C1631F0AE00412023 /* GifMan-Prefix.pch */,
			);
			name = "Supporting Files";
			sourceTree = "<group>";
		};
/* End PBXGroup section */

/* Begin PBXNativeTarget section */
		E289B24C1631F0AE00412023 /* GifMan SIMBL Bundle */ = {
			isa = PBXNativeTarget;
			buildConfigurationList = E289B25F1631F0AE00412023 /* Build configuration list for PBXNativeTarget "GifMan SIMBL Bundle" */;
			buildPhases = (
				E289B2491631F0AE00412023 /* Sources */,
				E289B24A1631F0AE00412023 /* Frameworks */,
				E289B24B1631F0AE00412023 /* Resources */,
			);
			buildRules = (
			);
			dependencies = (
			);
			name = "GifMan SIMBL Bundle";
			productName = GifMan;
			productReference = E289B24D1631F0AE00412023 /* GifMan.bundle */;
			productType = "com.apple.product-type.bundle";
		};
/* End PBXNativeTarget section */

/* Begin PBXProject section */
		E289B2441631F0AE00412023 /* Project object */ = {
			isa = PBXProject;
			attributes = {
				CLASSPREFIX = TG;
				LastUpgradeCheck = 0450;
				ORGANIZATIONNAME = "Tom Arnfeld";
			};
			buildConfigurationList = E289B2471631F0AE00412023 /* Build configuration list for PBXProject "GifMan" */;
			compatibilityVersion = "Xcode 3.2";
			developmentRegion = English;
			hasScannedForEncodings = 0;
			knownRegions = (
				en,
			);
			mainGroup = E289B2421631F0AE00412023;
			productRefGroup = E289B24E1631F0AE00412023 /* Products */;
			projectDirPath = "";
			projectRoot = "";
			targets = (
				E23BD4751633447E00D370EF /* GifMan */,
				E289B24C1631F0AE00412023 /* GifMan SIMBL Bundle */,
				E23BD39E163341A700D370EF /* GifMan Chat Style */,
			);
		};
/* End PBXProject section */

/* Begin PBXResourcesBuildPhase section */
		E289B24B1631F0AE00412023 /* Resources */ = {
			isa = PBXResourcesBuildPhase;
			buildActionMask = 2147483647;
			files = (
				E289B25B1631F0AE00412023 /* InfoPlist.strings in Resources */,
			);
			runOnlyForDeploymentPostprocessing = 0;
		};
/* End PBXResourcesBuildPhase section */

/* Begin PBXSourcesBuildPhase section */
		E289B2491631F0AE00412023 /* Sources */ = {
			isa = PBXSourcesBuildPhase;
			buildActionMask = 2147483647;
			files = (
				E289B2671631F0F600412023 /* GifManPlugin.m in Sources */,
			);
			runOnlyForDeploymentPostprocessing = 0;
		};
/* End PBXSourcesBuildPhase section */

/* Begin PBXTargetDependency section */
		E23BD47A1633448400D370EF /* PBXTargetDependency */ = {
			isa = PBXTargetDependency;
			target = E289B24C1631F0AE00412023 /* GifMan SIMBL Bundle */;
			targetProxy = E23BD4791633448400D370EF /* PBXContainerItemProxy */;
		};
		E23BD47C1633448400D370EF /* PBXTargetDependency */ = {
			isa = PBXTargetDependency;
			target = E23BD39E163341A700D370EF /* GifMan Chat Style */;
			targetProxy = E23BD47B1633448400D370EF /* PBXContainerItemProxy */;
		};
/* End PBXTargetDependency section */

/* Begin PBXVariantGroup section */
		E289B2591631F0AE00412023 /* InfoPlist.strings */ = {
			isa = PBXVariantGroup;
			children = (
				E289B25A1631F0AE00412023 /* en */,
			);
			name = InfoPlist.strings;
			sourceTree = "<group>";
		};
/* End PBXVariantGroup section */

/* Begin XCBuildConfiguration section */
		E23BD3A0163341A700D370EF /* Debug */ = {
			isa = XCBuildConfiguration;
			buildSettings = {
				COMBINE_HIDPI_IMAGES = NO;
				INFOPLIST_FILE = GifMan.SkypeChatStyle/Info.plist;
				PRODUCT_NAME = "$(TARGET_NAME)";
			};
			name = Debug;
		};
		E23BD3A1163341A700D370EF /* Release */ = {
			isa = XCBuildConfiguration;
			buildSettings = {
				COMBINE_HIDPI_IMAGES = NO;
				INFOPLIST_FILE = GifMan.SkypeChatStyle/Info.plist;
				PRODUCT_NAME = "$(TARGET_NAME)";
			};
			name = Release;
		};
		E23BD4771633447E00D370EF /* Debug */ = {
			isa = XCBuildConfiguration;
			buildSettings = {
				COMBINE_HIDPI_IMAGES = YES;
				PRODUCT_NAME = "$(TARGET_NAME)";
			};
			name = Debug;
		};
		E23BD4781633447E00D370EF /* Release */ = {
			isa = XCBuildConfiguration;
			buildSettings = {
				COMBINE_HIDPI_IMAGES = YES;
				PRODUCT_NAME = "$(TARGET_NAME)";
			};
			name = Release;
		};
		E289B25D1631F0AE00412023 /* Debug */ = {
			isa = XCBuildConfiguration;
			buildSettings = {
				ALWAYS_SEARCH_USER_PATHS = NO;
				ARCHS = "$(ARCHS_STANDARD_64_BIT)";
				CLANG_CXX_LANGUAGE_STANDARD = "gnu++0x";
				CLANG_CXX_LIBRARY = "libc++";
				CLANG_ENABLE_OBJC_ARC = YES;
				CLANG_WARN_EMPTY_BODY = YES;
				CLANG_WARN__DUPLICATE_METHOD_MATCH = YES;
				COPY_PHASE_STRIP = NO;
				GCC_C_LANGUAGE_STANDARD = gnu99;
				GCC_DYNAMIC_NO_PIC = NO;
				GCC_ENABLE_OBJC_EXCEPTIONS = YES;
				GCC_OPTIMIZATION_LEVEL = 0;
				GCC_PREPROCESSOR_DEFINITIONS = (
					"DEBUG=1",
					"$(inherited)",
				);
				GCC_SYMBOLS_PRIVATE_EXTERN = NO;
				GCC_WARN_64_TO_32_BIT_CONVERSION = YES;
				GCC_WARN_ABOUT_RETURN_TYPE = YES;
				GCC_WARN_UNINITIALIZED_AUTOS = YES;
				GCC_WARN_UNUSED_VARIABLE = YES;
				MACOSX_DEPLOYMENT_TARGET = 10.8;
				ONLY_ACTIVE_ARCH = YES;
				SDKROOT = macosx;
			};
			name = Debug;
		};
		E289B25E1631F0AE00412023 /* Release */ = {
			isa = XCBuildConfiguration;
			buildSettings = {
				ALWAYS_SEARCH_USER_PATHS = NO;
				ARCHS = "$(ARCHS_STANDARD_64_BIT)";
				CLANG_CXX_LANGUAGE_STANDARD = "gnu++0x";
				CLANG_CXX_LIBRARY = "libc++";
				CLANG_ENABLE_OBJC_ARC = YES;
				CLANG_WARN_EMPTY_BODY = YES;
				CLANG_WARN__DUPLICATE_METHOD_MATCH = YES;
				COPY_PHASE_STRIP = YES;
				DEBUG_INFORMATION_FORMAT = "dwarf-with-dsym";
				GCC_C_LANGUAGE_STANDARD = gnu99;
				GCC_ENABLE_OBJC_EXCEPTIONS = YES;
				GCC_WARN_64_TO_32_BIT_CONVERSION = YES;
				GCC_WARN_ABOUT_RETURN_TYPE = YES;
				GCC_WARN_UNINITIALIZED_AUTOS = YES;
				GCC_WARN_UNUSED_VARIABLE = YES;
				MACOSX_DEPLOYMENT_TARGET = 10.8;
				SDKROOT = macosx;
			};
			name = Release;
		};
		E289B2601631F0AE00412023 /* Debug */ = {
			isa = XCBuildConfiguration;
			buildSettings = {
				ARCHS = "$(ARCHS_STANDARD_32_64_BIT)";
				CLANG_ENABLE_OBJC_ARC = NO;
				CLANG_WARN_OBJCPP_ARC_ABI = YES;
				COMBINE_HIDPI_IMAGES = YES;
				FRAMEWORK_SEARCH_PATHS = (
					"$(inherited)",
					"\"$(SRCROOT)/GifMan\"",
				);
				GCC_PRECOMPILE_PREFIX_HEADER = YES;
				GCC_PREFIX_HEADER = "GifMan/GifMan-Prefix.pch";
				GCC_VERSION = "";
				INFOPLIST_FILE = "GifMan/GifMan-Info.plist";
				INSTALL_PATH = "$(USER_LIBRARY_DIR)/Application Support/SIMBL/Plugins";
				ONLY_ACTIVE_ARCH = NO;
				PRODUCT_NAME = GifMan;
				VALID_ARCHS = "i386 x86_64";
				WRAPPER_EXTENSION = bundle;
			};
			name = Debug;
		};
		E289B2611631F0AE00412023 /* Release */ = {
			isa = XCBuildConfiguration;
			buildSettings = {
				ARCHS = "$(ARCHS_STANDARD_32_64_BIT)";
				CLANG_ENABLE_OBJC_ARC = NO;
				CLANG_WARN_OBJCPP_ARC_ABI = YES;
				COMBINE_HIDPI_IMAGES = YES;
				FRAMEWORK_SEARCH_PATHS = (
					"$(inherited)",
					"\"$(SRCROOT)/GifMan\"",
				);
				GCC_PRECOMPILE_PREFIX_HEADER = YES;
				GCC_PREFIX_HEADER = "GifMan/GifMan-Prefix.pch";
				GCC_VERSION = "";
				INFOPLIST_FILE = "GifMan/GifMan-Info.plist";
				INSTALL_PATH = "$(USER_LIBRARY_DIR)/Application Support/SIMBL/Plugins";
				ONLY_ACTIVE_ARCH = NO;
				PRODUCT_NAME = GifMan;
				VALID_ARCHS = "i386 x86_64";
				WRAPPER_EXTENSION = bundle;
			};
			name = Release;
		};
/* End XCBuildConfiguration section */

/* Begin XCConfigurationList section */
		E23BD39F163341A700D370EF /* Build configuration list for PBXAggregateTarget "GifMan Chat Style" */ = {
			isa = XCConfigurationList;
			buildConfigurations = (
				E23BD3A0163341A700D370EF /* Debug */,
				E23BD3A1163341A700D370EF /* Release */,
			);
			defaultConfigurationIsVisible = 0;
			defaultConfigurationName = Release;
		};
		E23BD4761633447E00D370EF /* Build configuration list for PBXAggregateTarget "GifMan" */ = {
			isa = XCConfigurationList;
			buildConfigurations = (
				E23BD4771633447E00D370EF /* Debug */,
				E23BD4781633447E00D370EF /* Release */,
			);
			defaultConfigurationIsVisible = 0;
			defaultConfigurationName = Release;
		};
		E289B2471631F0AE00412023 /* Build configuration list for PBXProject "GifMan" */ = {
			isa = XCConfigurationList;
			buildConfigurations = (
				E289B25D1631F0AE00412023 /* Debug */,
				E289B25E1631F0AE00412023 /* Release */,
			);
			defaultConfigurationIsVisible = 0;
			defaultConfigurationName = Release;
		};
		E289B25F1631F0AE00412023 /* Build configuration list for PBXNativeTarget "GifMan SIMBL Bundle" */ = {
			isa = XCConfigurationList;
			buildConfigurations = (
				E289B2601631F0AE00412023 /* Debug */,
				E289B2611631F0AE00412023 /* Release */,
			);
			defaultConfigurationIsVisible = 0;
			defaultConfigurationName = Release;
		};
/* End XCConfigurationList section */
	};
	rootObject = E289B2441631F0AE00412023 /* Project object */;
}
