// !$*UTF8*$!
{
	archiveVersion = 1;
	classes = {
	};
	objectVersion = 46;
	objects = {

/* Begin PBXAggregateTarget section */
		E23BD39E163341A700D370EF /* GifMan Chat Style */ = {
			isa = PBXAggregateTarget;
			buildConfigurationList = E23BD39F163341A700D370EF /* Build configuration list for PBXAggregateTarget "GifMan Chat Style" */;
			buildPhases = (
				E23BD43E1633437B00D370EF /* Copy Files */,
				E23BD3D81633421600D370EF /* Copy Resources */,
				E23BD43D1633433600D370EF /* Copy CSS */,
				E23BD4461633442700D370EF /* Copy Graphics */,
				E23BD4471633443300D370EF /* Copy Javascript */,
				E23BD4481633443A00D370EF /* Copy Templates */,
			);
			dependencies = (
			);
			name = "GifMan Chat Style";
			productName = sdfds;
		};
		E23BD4751633447E00D370EF /* GifMan */ = {
			isa = PBXAggregateTarget;
			buildConfigurationList = E23BD4761633447E00D370EF /* Build configuration list for PBXAggregateTarget "GifMan" */;
			buildPhases = (
			);
			dependencies = (
				E23BD47A1633448400D370EF /* PBXTargetDependency */,
				E23BD47C1633448400D370EF /* PBXTargetDependency */,
			);
			name = GifMan;
			productName = GifMan;
		};
/* End PBXAggregateTarget section */

/* Begin PBXBuildFile section */
		E23BD40E163342B900D370EF /* Conversation.html in Resources */ = {isa = PBXBuildFile; fileRef = E23BD3DC163342B900D370EF /* Conversation.html */; };
		E23BD40F163342B900D370EF /* main.css in Resources */ = {isa = PBXBuildFile; fileRef = E23BD3DE163342B900D370EF /* main.css */; };
		E23BD410163342B900D370EF /* icon_arrow_down.png in Resources */ = {isa = PBXBuildFile; fileRef = E23BD3E0163342B900D370EF /* icon_arrow_down.png */; };
		E23BD411163342B900D370EF /* icon_arrow_right.png in Resources */ = {isa = PBXBuildFile; fileRef = E23BD3E1163342B900D370EF /* icon_arrow_right.png */; };
		E23BD412163342B900D370EF /* icon_cancel.png in Resources */ = {isa = PBXBuildFile; fileRef = E23BD3E2163342B900D370EF /* icon_cancel.png */; };
		E23BD413163342B900D370EF /* icon_edit.png in Resources */ = {isa = PBXBuildFile; fileRef = E23BD3E3163342B900D370EF /* icon_edit.png */; };
		E23BD414163342B900D370EF /* icon_edited.png in Resources */ = {isa = PBXBuildFile; fileRef = E23BD3E4163342B900D370EF /* icon_edited.png */; };
		E23BD415163342B900D370EF /* icon_pause.png in Resources */ = {isa = PBXBuildFile; fileRef = E23BD3E5163342B900D370EF /* icon_pause.png */; };
		E23BD416163342B900D370EF /* icon_play.png in Resources */ = {isa = PBXBuildFile; fileRef = E23BD3E6163342B900D370EF /* icon_play.png */; };
		E23BD417163342B900D370EF /* icon_quicklook.png in Resources */ = {isa = PBXBuildFile; fileRef = E23BD3E7163342B900D370EF /* icon_quicklook.png */; };
		E23BD418163342B900D370EF /* icon_refresh.png in Resources */ = {isa = PBXBuildFile; fileRef = E23BD3E8163342B900D370EF /* icon_refresh.png */; };
		E23BD419163342B900D370EF /* icon_reveal.png in Resources */ = {isa = PBXBuildFile; fileRef = E23BD3E9163342B900D370EF /* icon_reveal.png */; };
		E23BD41A163342B900D370EF /* icon_stop.png in Resources */ = {isa = PBXBuildFile; fileRef = E23BD3EA163342B900D370EF /* icon_stop.png */; };
		E23BD41B163342B900D370EF /* icon_sub.png in Resources */ = {isa = PBXBuildFile; fileRef = E23BD3EB163342B900D370EF /* icon_sub.png */; };
		E23BD41C163342B900D370EF /* icon_warning.png in Resources */ = {isa = PBXBuildFile; fileRef = E23BD3EC163342B900D370EF /* icon_warning.png */; };
		E23BD41D163342B900D370EF /* transfer-32.png in Resources */ = {isa = PBXBuildFile; fileRef = E23BD3ED163342B900D370EF /* transfer-32.png */; };
		E23BD41E163342B900D370EF /* transfer-multiple-32.png in Resources */ = {isa = PBXBuildFile; fileRef = E23BD3EE163342B900D370EF /* transfer-multiple-32.png */; };
		E23BD41F163342B900D370EF /* typing-16x16-white.gif in Resources */ = {isa = PBXBuildFile; fileRef = E23BD3EF163342B900D370EF /* typing-16x16-white.gif */; };
		E23BD420163342B900D370EF /* jquery.min.js in Sources */ = {isa = PBXBuildFile; fileRef = E23BD3F1163342B900D370EF /* jquery.min.js */; };
		E23BD421163342B900D370EF /* main.js in Sources */ = {isa = PBXBuildFile; fileRef = E23BD3F2163342B900D370EF /* main.js */; };
		E23BD422163342B900D370EF /* Alert.html in Resources */ = {isa = PBXBuildFile; fileRef = E23BD3F4163342B900D370EF /* Alert.html */; };
		E23BD423163342B900D370EF /* CallEnd.html in Resources */ = {isa = PBXBuildFile; fileRef = E23BD3F5163342B900D370EF /* CallEnd.html */; };
		E23BD424163342B900D370EF /* CallStart.html in Resources */ = {isa = PBXBuildFile; fileRef = E23BD3F6163342B900D370EF /* CallStart.html */; };
		E23BD425163342B900D370EF /* History.html in Resources */ = {isa = PBXBuildFile; fileRef = E23BD3F7163342B900D370EF /* History.html */; };
		E23BD426163342B900D370EF /* InEmote.html in Resources */ = {isa = PBXBuildFile; fileRef = E23BD3F8163342B900D370EF /* InEmote.html */; };
		E23BD427163342B900D370EF /* InFollowupMessage.html in Resources */ = {isa = PBXBuildFile; fileRef = E23BD3F9163342B900D370EF /* InFollowupMessage.html */; };
		E23BD428163342B900D370EF /* InMessage.html in Resources */ = {isa = PBXBuildFile; fileRef = E23BD3FA163342B900D370EF /* InMessage.html */; };
		E23BD429163342B900D370EF /* InSms.html in Resources */ = {isa = PBXBuildFile; fileRef = E23BD3FB163342B900D370EF /* InSms.html */; };
		E23BD42A163342B900D370EF /* InSubTransfer.html in Resources */ = {isa = PBXBuildFile; fileRef = E23BD3FC163342B900D370EF /* InSubTransfer.html */; };
		E23BD42B163342B900D370EF /* InTransfer.html in Resources */ = {isa = PBXBuildFile; fileRef = E23BD3FD163342B900D370EF /* InTransfer.html */; };
		E23BD42C163342B900D370EF /* InVoicemail.html in Resources */ = {isa = PBXBuildFile; fileRef = E23BD3FE163342B900D370EF /* InVoicemail.html */; };
		E23BD42D163342B900D370EF /* MoreHistory.html in Resources */ = {isa = PBXBuildFile; fileRef = E23BD3FF163342B900D370EF /* MoreHistory.html */; };
		E23BD42E163342B900D370EF /* MoreHistoryLink.html in Resources */ = {isa = PBXBuildFile; fileRef = E23BD400163342B900D370EF /* MoreHistoryLink.html */; };
		E23BD42F163342B900D370EF /* OutEmote.html in Resources */ = {isa = PBXBuildFile; fileRef = E23BD401163342B900D370EF /* OutEmote.html */; };
		E23BD430163342B900D370EF /* OutFollowupMessage.html in Resources */ = {isa = PBXBuildFile; fileRef = E23BD402163342B900D370EF /* OutFollowupMessage.html */; };
		E23BD431163342B900D370EF /* OutMessage.html in Resources */ = {isa = PBXBuildFile; fileRef = E23BD403163342B900D370EF /* OutMessage.html */; };
		E23BD432163342B900D370EF /* OutSms.html in Resources */ = {isa = PBXBuildFile; fileRef = E23BD404163342B900D370EF /* OutSms.html */; };
		E23BD433163342B900D370EF /* OutSubTransfer.html in Resources */ = {isa = PBXBuildFile; fileRef = E23BD405163342B900D370EF /* OutSubTransfer.html */; };
		E23BD434163342B900D370EF /* OutTransfer.html in Resources */ = {isa = PBXBuildFile; fileRef = E23BD406163342B900D370EF /* OutTransfer.html */; };
		E23BD435163342B900D370EF /* SkypeCallEnd.html in Resources */ = {isa = PBXBuildFile; fileRef = E23BD407163342B900D370EF /* SkypeCallEnd.html */; };
		E23BD436163342B900D370EF /* SkypeCallStart.html in Resources */ = {isa = PBXBuildFile; fileRef = E23BD408163342B900D370EF /* SkypeCallStart.html */; };
		E23BD437163342B900D370EF /* SkypeInVoicemail.html in Resources */ = {isa = PBXBuildFile; fileRef = E23BD409163342B900D370EF /* SkypeInVoicemail.html */; };
		E23BD438163342B900D370EF /* SmsHead.html in Resources */ = {isa = PBXBuildFile; fileRef = E23BD40A163342B900D370EF /* SmsHead.html */; };
		E23BD439163342B900D370EF /* Topic.html in Resources */ = {isa = PBXBuildFile; fileRef = E23BD40B163342B900D370EF /* Topic.html */; };
		E23BD43A163342B900D370EF /* TransferHead.html in Resources */ = {isa = PBXBuildFile; fileRef = E23BD40C163342B900D370EF /* TransferHead.html */; };
		E23BD43B163342B900D370EF /* Typing.html in Resources */ = {isa = PBXBuildFile; fileRef = E23BD40D163342B900D370EF /* Typing.html */; };
		E23BD43C1633432B00D370EF /* Conversation.html in Copy Resources */ = {isa = PBXBuildFile; fileRef = E23BD3DC163342B900D370EF /* Conversation.html */; };
		E23BD43F1633438300D370EF /* Info.plist in Copy Files */ = {isa = PBXBuildFile; fileRef = E23BD3DA163342AD00D370EF /* Info.plist */; };
		E23BD4401633439B00D370EF /* main.css in Copy CSS */ = {isa = PBXBuildFile; fileRef = E23BD3DE163342B900D370EF /* main.css */; };
		E23BD4491633445000D370EF /* icon_arrow_down.png in Copy Graphics */ = {isa = PBXBuildFile; fileRef = E23BD3E0163342B900D370EF /* icon_arrow_down.png */; };
		E23BD44A1633445000D370EF /* icon_arrow_right.png in Copy Graphics */ = {isa = PBXBuildFile; fileRef = E23BD3E1163342B900D370EF /* icon_arrow_right.png */; };
		E23BD44B1633445000D370EF /* icon_cancel.png in Copy Graphics */ = {isa = PBXBuildFile; fileRef = E23BD3E2163342B900D370EF /* icon_cancel.png */; };
		E23BD44C1633445000D370EF /* icon_edit.png in Copy Graphics */ = {isa = PBXBuildFile; fileRef = E23BD3E3163342B900D370EF /* icon_edit.png */; };
		E23BD44D1633445000D370EF /* icon_edited.png in Copy Graphics */ = {isa = PBXBuildFile; fileRef = E23BD3E4163342B900D370EF /* icon_edited.png */; };
		E23BD44E1633445000D370EF /* icon_pause.png in Copy Graphics */ = {isa = PBXBuildFile; fileRef = E23BD3E5163342B900D370EF /* icon_pause.png */; };
		E23BD44F1633445000D370EF /* icon_play.png in Copy Graphics */ = {isa = PBXBuildFile; fileRef = E23BD3E6163342B900D370EF /* icon_play.png */; };
		E23BD4501633445000D370EF /* icon_quicklook.png in Copy Graphics */ = {isa = PBXBuildFile; fileRef = E23BD3E7163342B900D370EF /* icon_quicklook.png */; };
		E23BD4511633445000D370EF /* icon_refresh.png in Copy Graphics */ = {isa = PBXBuildFile; fileRef = E23BD3E8163342B900D370EF /* icon_refresh.png */; };
		E23BD4521633445000D370EF /* icon_reveal.png in Copy Graphics */ = {isa = PBXBuildFile; fileRef = E23BD3E9163342B900D370EF /* icon_reveal.png */; };
		E23BD4531633445000D370EF /* icon_stop.png in Copy Graphics */ = {isa = PBXBuildFile; fileRef = E23BD3EA163342B900D370EF /* icon_stop.png */; };
		E23BD4541633445000D370EF /* icon_sub.png in Copy Graphics */ = {isa = PBXBuildFile; fileRef = E23BD3EB163342B900D370EF /* icon_sub.png */; };
		E23BD4551633445000D370EF /* icon_warning.png in Copy Graphics */ = {isa = PBXBuildFile; fileRef = E23BD3EC163342B900D370EF /* icon_warning.png */; };
		E23BD4561633445000D370EF /* transfer-32.png in Copy Graphics */ = {isa = PBXBuildFile; fileRef = E23BD3ED163342B900D370EF /* transfer-32.png */; };
		E23BD4571633445000D370EF /* transfer-multiple-32.png in Copy Graphics */ = {isa = PBXBuildFile; fileRef = E23BD3EE163342B900D370EF /* transfer-multiple-32.png */; };
		E23BD4581633445000D370EF /* typing-16x16-white.gif in Copy Graphics */ = {isa = PBXBuildFile; fileRef = E23BD3EF163342B900D370EF /* typing-16x16-white.gif */; };
		E23BD4591633445C00D370EF /* jquery.min.js in Copy Javascript */ = {isa = PBXBuildFile; fileRef = E23BD3F1163342B900D370EF /* jquery.min.js */; };
		E23BD45A1633445C00D370EF /* main.js in Copy Javascript */ = {isa = PBXBuildFile; fileRef = E23BD3F2163342B900D370EF /* main.js */; };
		E23BD45B1633446C00D370EF /* Alert.html in Copy Templates */ = {isa = PBXBuildFile; fileRef = E23BD3F4163342B900D370EF /* Alert.html */; };
		E23BD45C1633446C00D370EF /* CallEnd.html in Copy Templates */ = {isa = PBXBuildFile; fileRef = E23BD3F5163342B900D370EF /* CallEnd.html */; };
		E23BD45D1633446C00D370EF /* CallStart.html in Copy Templates */ = {isa = PBXBuildFile; fileRef = E23BD3F6163342B900D370EF /* CallStart.html */; };
		E23BD45E1633446C00D370EF /* History.html in Copy Templates */ = {isa = PBXBuildFile; fileRef = E23BD3F7163342B900D370EF /* History.html */; };
		E23BD45F1633446C00D370EF /* InEmote.html in Copy Templates */ = {isa = PBXBuildFile; fileRef = E23BD3F8163342B900D370EF /* InEmote.html */; };
		E23BD4601633446C00D370EF /* InFollowupMessage.html in Copy Templates */ = {isa = PBXBuildFile; fileRef = E23BD3F9163342B900D370EF /* InFollowupMessage.html */; };
		E23BD4611633446C00D370EF /* InMessage.html in Copy Templates */ = {isa = PBXBuildFile; fileRef = E23BD3FA163342B900D370EF /* InMessage.html */; };
		E23BD4621633446C00D370EF /* InSms.html in Copy Templates */ = {isa = PBXBuildFile; fileRef = E23BD3FB163342B900D370EF /* InSms.html */; };
		E23BD4631633446C00D370EF /* InSubTransfer.html in Copy Templates */ = {isa = PBXBuildFile; fileRef = E23BD3FC163342B900D370EF /* InSubTransfer.html */; };
		E23BD4641633446C00D370EF /* InTransfer.html in Copy Templates */ = {isa = PBXBuildFile; fileRef = E23BD3FD163342B900D370EF /* InTransfer.html */; };
		E23BD4651633446C00D370EF /* InVoicemail.html in Copy Templates */ = {isa = PBXBuildFile; fileRef = E23BD3FE163342B900D370EF /* InVoicemail.html */; };
		E23BD4661633446C00D370EF /* MoreHistory.html in Copy Templates */ = {isa = PBXBuildFile; fileRef = E23BD3FF163342B900D370EF /* MoreHistory.html */; };
		E23BD4671633446C00D370EF /* MoreHistoryLink.html in Copy Templates */ = {isa = PBXBuildFile; fileRef = E23BD400163342B900D370EF /* MoreHistoryLink.html */; };
		E23BD4681633446C00D370EF /* OutEmote.html in Copy Templates */ = {isa = PBXBuildFile; fileRef = E23BD401163342B900D370EF /* OutEmote.html */; };
		E23BD4691633446C00D370EF /* OutFollowupMessage.html in Copy Templates */ = {isa = PBXBuildFile; fileRef = E23BD402163342B900D370EF /* OutFollowupMessage.html */; };
		E23BD46A1633446C00D370EF /* OutMessage.html in Copy Templates */ = {isa = PBXBuildFile; fileRef = E23BD403163342B900D370EF /* OutMessage.html */; };
		E23BD46B1633446C00D370EF /* OutSms.html in Copy Templates */ = {isa = PBXBuildFile; fileRef = E23BD404163342B900D370EF /* OutSms.html */; };
		E23BD46C1633446C00D370EF /* OutSubTransfer.html in Copy Templates */ = {isa = PBXBuildFile; fileRef = E23BD405163342B900D370EF /* OutSubTransfer.html */; };
		E23BD46D1633446C00D370EF /* OutTransfer.html in Copy Templates */ = {isa = PBXBuildFile; fileRef = E23BD406163342B900D370EF /* OutTransfer.html */; };
		E23BD46E1633446C00D370EF /* SkypeCallEnd.html in Copy Templates */ = {isa = PBXBuildFile; fileRef = E23BD407163342B900D370EF /* SkypeCallEnd.html */; };
		E23BD46F1633446C00D370EF /* SkypeCallStart.html in Copy Templates */ = {isa = PBXBuildFile; fileRef = E23BD408163342B900D370EF /* SkypeCallStart.html */; };
		E23BD4701633446C00D370EF /* SkypeInVoicemail.html in Copy Templates */ = {isa = PBXBuildFile; fileRef = E23BD409163342B900D370EF /* SkypeInVoicemail.html */; };
		E23BD4711633446C00D370EF /* SmsHead.html in Copy Templates */ = {isa = PBXBuildFile; fileRef = E23BD40A163342B900D370EF /* SmsHead.html */; };
		E23BD4721633446C00D370EF /* Topic.html in Copy Templates */ = {isa = PBXBuildFile; fileRef = E23BD40B163342B900D370EF /* Topic.html */; };
		E23BD4731633446C00D370EF /* TransferHead.html in Copy Templates */ = {isa = PBXBuildFile; fileRef = E23BD40C163342B900D370EF /* TransferHead.html */; };
		E23BD4741633446C00D370EF /* Typing.html in Copy Templates */ = {isa = PBXBuildFile; fileRef = E23BD40D163342B900D370EF /* Typing.html */; };
		E289B2511631F0AE00412023 /* Cocoa.framework in Frameworks */ = {isa = PBXBuildFile; fileRef = E289B2501631F0AE00412023 /* Cocoa.framework */; };
		E289B25B1631F0AE00412023 /* InfoPlist.strings in Resources */ = {isa = PBXBuildFile; fileRef = E289B2591631F0AE00412023 /* InfoPlist.strings */; };
		E289B2671631F0F600412023 /* GifManPlugin.m in Sources */ = {isa = PBXBuildFile; fileRef = E289B2661631F0F600412023 /* GifManPlugin.m */; };
		E289B26D1631F32200412023 /* Skype.framework in Frameworks */ = {isa = PBXBuildFile; fileRef = E289B26C1631F32200412023 /* Skype.framework */; };
/* End PBXBuildFile section */

/* Begin PBXContainerItemProxy section */
		E23BD4791633448400D370EF /* PBXContainerItemProxy */ = {
			isa = PBXContainerItemProxy;
			containerPortal = E289B2441631F0AE00412023 /* Project object */;
			proxyType = 1;
			remoteGlobalIDString = E289B24C1631F0AE00412023;
			remoteInfo = "GifMan SIMBL Bundle";
		};
		E23BD47B1633448400D370EF /* PBXContainerItemProxy */ = {
			isa = PBXContainerItemProxy;
			containerPortal = E289B2441631F0AE00412023 /* Project object */;
			proxyType = 1;
			remoteGlobalIDString = E23BD39E163341A700D370EF;
			remoteInfo = "GifMan Chat Style";
		};
/* End PBXContainerItemProxy section */

/* Begin PBXCopyFilesBuildPhase section */
		E23BD3D81633421600D370EF /* Copy Resources */ = {
			isa = PBXCopyFilesBuildPhase;
			buildActionMask = 2147483647;
			dstPath = GifMan.SkypeChatStyle/Contents/Resources;
			dstSubfolderSpec = 16;
			files = (
				E23BD43C1633432B00D370EF /* Conversation.html in Copy Resources */,
			);
			name = "Copy Resources";
			runOnlyForDeploymentPostprocessing = 0;
		};
		E23BD43D1633433600D370EF /* Copy CSS */ = {
			isa = PBXCopyFilesBuildPhase;
			buildActionMask = 2147483647;
			dstPath = GifMan.SkypeChatStyle/Contents/Resources/css;
			dstSubfolderSpec = 16;
			files = (
				E23BD4401633439B00D370EF /* main.css in Copy CSS */,
			);
			name = "Copy CSS";
			runOnlyForDeploymentPostprocessing = 0;
		};
		E23BD43E1633437B00D370EF /* Copy Files */ = {
			isa = PBXCopyFilesBuildPhase;
			buildActionMask = 2147483647;
			dstPath = GifMan.SkypeChatStyle/Contents;
			dstSubfolderSpec = 16;
			files = (
				E23BD43F1633438300D370EF /* Info.plist in Copy Files */,
			);
			name = "Copy Files";
			runOnlyForDeploymentPostprocessing = 0;
		};
		E23BD4461633442700D370EF /* Copy Graphics */ = {
			isa = PBXCopyFilesBuildPhase;
			buildActionMask = 2147483647;
			dstPath = GifMan.SkypeChatStyle/Contents/Resources/gfx;
			dstSubfolderSpec = 16;
			files = (
				E23BD4491633445000D370EF /* icon_arrow_down.png in Copy Graphics */,
				E23BD44A1633445000D370EF /* icon_arrow_right.png in Copy Graphics */,
				E23BD44B1633445000D370EF /* icon_cancel.png in Copy Graphics */,
				E23BD44C1633445000D370EF /* icon_edit.png in Copy Graphics */,
				E23BD44D1633445000D370EF /* icon_edited.png in Copy Graphics */,
				E23BD44E1633445000D370EF /* icon_pause.png in Copy Graphics */,
				E23BD44F1633445000D370EF /* icon_play.png in Copy Graphics */,
				E23BD4501633445000D370EF /* icon_quicklook.png in Copy Graphics */,
				E23BD4511633445000D370EF /* icon_refresh.png in Copy Graphics */,
				E23BD4521633445000D370EF /* icon_reveal.png in Copy Graphics */,
				E23BD4531633445000D370EF /* icon_stop.png in Copy Graphics */,
				E23BD4541633445000D370EF /* icon_sub.png in Copy Graphics */,
				E23BD4551633445000D370EF /* icon_warning.png in Copy Graphics */,
				E23BD4561633445000D370EF /* transfer-32.png in Copy Graphics */,
				E23BD4571633445000D370EF /* transfer-multiple-32.png in Copy Graphics */,
				E23BD4581633445000D370EF /* typing-16x16-white.gif in Copy Graphics */,
			);
			name = "Copy Graphics";
			runOnlyForDeploymentPostprocessing = 0;
		};
		E23BD4471633443300D370EF /* Copy Javascript */ = {
			isa = PBXCopyFilesBuildPhase;
			buildActionMask = 2147483647;
			dstPath = GifMan.SkypeChatStyle/Contents/Resources/js;
			dstSubfolderSpec = 16;
			files = (
				E23BD4591633445C00D370EF /* jquery.min.js in Copy Javascript */,
				E23BD45A1633445C00D370EF /* main.js in Copy Javascript */,
			);
			name = "Copy Javascript";
			runOnlyForDeploymentPostprocessing = 0;
		};
		E23BD4481633443A00D370EF /* Copy Templates */ = {
			isa = PBXCopyFilesBuildPhase;
			buildActionMask = 2147483647;
			dstPath = GifMan.SkypeChatStyle/Contents/Resources/templates;
			dstSubfolderSpec = 16;
			files = (
				E23BD45B1633446C00D370EF /* Alert.html in Copy Templates */,
				E23BD45C1633446C00D370EF /* CallEnd.html in Copy Templates */,
				E23BD45D1633446C00D370EF /* CallStart.html in Copy Templates */,
				E23BD45E1633446C00D370EF /* History.html in Copy Templates */,
				E23BD45F1633446C00D370EF /* InEmote.html in Copy Templates */,
				E23BD4601633446C00D370EF /* InFollowupMessage.html in Copy Templates */,
				E23BD4611633446C00D370EF /* InMessage.html in Copy Templates */,
				E23BD4621633446C00D370EF /* InSms.html in Copy Templates */,
				E23BD4631633446C00D370EF /* InSubTransfer.html in Copy Templates */,
				E23BD4641633446C00D370EF /* InTransfer.html in Copy Templates */,
				E23BD4651633446C00D370EF /* InVoicemail.html in Copy Templates */,
				E23BD4661633446C00D370EF /* MoreHistory.html in Copy Templates */,
				E23BD4671633446C00D370EF /* MoreHistoryLink.html in Copy Templates */,
				E23BD4681633446C00D370EF /* OutEmote.html in Copy Templates */,
				E23BD4691633446C00D370EF /* OutFollowupMessage.html in Copy Templates */,
				E23BD46A1633446C00D370EF /* OutMessage.html in Copy Templates */,
				E23BD46B1633446C00D370EF /* OutSms.html in Copy Templates */,
				E23BD46C1633446C00D370EF /* OutSubTransfer.html in Copy Templates */,
				E23BD46D1633446C00D370EF /* OutTransfer.html in Copy Templates */,
				E23BD46E1633446C00D370EF /* SkypeCallEnd.html in Copy Templates */,
				E23BD46F1633446C00D370EF /* SkypeCallStart.html in Copy Templates */,
				E23BD4701633446C00D370EF /* SkypeInVoicemail.html in Copy Templates */,
				E23BD4711633446C00D370EF /* SmsHead.html in Copy Templates */,
				E23BD4721633446C00D370EF /* Topic.html in Copy Templates */,
				E23BD4731633446C00D370EF /* TransferHead.html in Copy Templates */,
				E23BD4741633446C00D370EF /* Typing.html in Copy Templates */,
			);
			name = "Copy Templates";
			runOnlyForDeploymentPostprocessing = 0;
		};
/* End PBXCopyFilesBuildPhase section */

/* Begin PBXFileReference section */
		E23BD3DA163342AD00D370EF /* Info.plist */ = {isa = PBXFileReference; lastKnownFileType = text.plist.xml; path = Info.plist; sourceTree = "<group>"; };
		E23BD3DC163342B900D370EF /* Conversation.html */ = {isa = PBXFileReference; fileEncoding = 4; lastKnownFileType = text.html; path = Conversation.html; sourceTree = "<group>"; };
		E23BD3DE163342B900D370EF /* main.css */ = {isa = PBXFileReference; fileEncoding = 4; lastKnownFileType = text.css; path = main.css; sourceTree = "<group>"; };
		E23BD3E0163342B900D370EF /* icon_arrow_down.png */ = {isa = PBXFileReference; lastKnownFileType = image.png; path = icon_arrow_down.png; sourceTree = "<group>"; };
		E23BD3E1163342B900D370EF /* icon_arrow_right.png */ = {isa = PBXFileReference; lastKnownFileType = image.png; path = icon_arrow_right.png; sourceTree = "<group>"; };
		E23BD3E2163342B900D370EF /* icon_cancel.png */ = {isa = PBXFileReference; lastKnownFileType = image.png; path = icon_cancel.png; sourceTree = "<group>"; };
		E23BD3E3163342B900D370EF /* icon_edit.png */ = {isa = PBXFileReference; lastKnownFileType = image.png; path = icon_edit.png; sourceTree = "<group>"; };
		E23BD3E4163342B900D370EF /* icon_edited.png */ = {isa = PBXFileReference; lastKnownFileType = image.png; path = icon_edited.png; sourceTree = "<group>"; };
		E23BD3E5163342B900D370EF /* icon_pause.png */ = {isa = PBXFileReference; lastKnownFileType = image.png; path = icon_pause.png; sourceTree = "<group>"; };
		E23BD3E6163342B900D370EF /* icon_play.png */ = {isa = PBXFileReference; lastKnownFileType = image.png; path = icon_play.png; sourceTree = "<group>"; };
		E23BD3E7163342B900D370EF /* icon_quicklook.png */ = {isa = PBXFileReference; lastKnownFileType = image.png; path = icon_quicklook.png; sourceTree = "<group>"; };
		E23BD3E8163342B900D370EF /* icon_refresh.png */ = {isa = PBXFileReference; lastKnownFileType = image.png; path = icon_refresh.png; sourceTree = "<group>"; };
		E23BD3E9163342B900D370EF /* icon_reveal.png */ = {isa = PBXFileReference; lastKnownFileType = image.png; path = icon_reveal.png; sourceTree = "<group>"; };
		E23BD3EA163342B900D370EF /* icon_stop.png */ = {isa = PBXFileReference; lastKnownFileType = image.png; path = icon_stop.png; sourceTree = "<group>"; };
		E23BD3EB163342B900D370EF /* icon_sub.png */ = {isa = PBXFileReference; lastKnownFileType = image.png; path = icon_sub.png; sourceTree = "<group>"; };
		E23BD3EC163342B900D370EF /* icon_warning.png */ = {isa = PBXFileReference; lastKnownFileType = image.png; path = icon_warning.png; sourceTree = "<group>"; };
		E23BD3ED163342B900D370EF /* transfer-32.png */ = {isa = PBXFileReference; lastKnownFileType = image.png; path = "transfer-32.png"; sourceTree = "<group>"; };
		E23BD3EE163342B900D370EF /* transfer-multiple-32.png */ = {isa = PBXFileReference; lastKnownFileType = image.png; path = "transfer-multiple-32.png"; sourceTree = "<group>"; };
		E23BD3EF163342B900D370EF /* typing-16x16-white.gif */ = {isa = PBXFileReference; lastKnownFileType = image.gif; path = "typing-16x16-white.gif"; sourceTree = "<group>"; };
		E23BD3F1163342B900D370EF /* jquery.min.js */ = {isa = PBXFileReference; fileEncoding = 4; lastKnownFileType = sourcecode.javascript; path = jquery.min.js; sourceTree = "<group>"; };
		E23BD3F2163342B900D370EF /* main.js */ = {isa = PBXFileReference; fileEncoding = 4; lastKnownFileType = sourcecode.javascript; path = main.js; sourceTree = "<group>"; };
		E23BD3F4163342B900D370EF /* Alert.html */ = {isa = PBXFileReference; fileEncoding = 4; lastKnownFileType = text.html; path = Alert.html; sourceTree = "<group>"; };
		E23BD3F5163342B900D370EF /* CallEnd.html */ = {isa = PBXFileReference; fileEncoding = 4; lastKnownFileType = text.html; path = CallEnd.html; sourceTree = "<group>"; };
		E23BD3F6163342B900D370EF /* CallStart.html */ = {isa = PBXFileReference; fileEncoding = 4; lastKnownFileType = text.html; path = CallStart.html; sourceTree = "<group>"; };
		E23BD3F7163342B900D370EF /* History.html */ = {isa = PBXFileReference; fileEncoding = 4; lastKnownFileType = text.html; path = History.html; sourceTree = "<group>"; };
		E23BD3F8163342B900D370EF /* InEmote.html */ = {isa = PBXFileReference; fileEncoding = 4; lastKnownFileType = text.html; path = InEmote.html; sourceTree = "<group>"; };
		E23BD3F9163342B900D370EF /* InFollowupMessage.html */ = {isa = PBXFileReference; fileEncoding = 4; lastKnownFileType = text.html; path = InFollowupMessage.html; sourceTree = "<group>"; };
		E23BD3FA163342B900D370EF /* InMessage.html */ = {isa = PBXFileReference; fileEncoding = 4; lastKnownFileType = text.html; path = InMessage.html; sourceTree = "<group>"; };
		E23BD3FB163342B900D370EF /* InSms.html */ = {isa = PBXFileReference; fileEncoding = 4; lastKnownFileType = text.html; path = InSms.html; sourceTree = "<group>"; };
		E23BD3FC163342B900D370EF /* InSubTransfer.html */ = {isa = PBXFileReference; fileEncoding = 4; lastKnownFileType = text.html; path = InSubTransfer.html; sourceTree = "<group>"; };
		E23BD3FD163342B900D370EF /* InTransfer.html */ = {isa = PBXFileReference; fileEncoding = 4; lastKnownFileType = text.html; path = InTransfer.html; sourceTree = "<group>"; };
		E23BD3FE163342B900D370EF /* InVoicemail.html */ = {isa = PBXFileReference; fileEncoding = 4; lastKnownFileType = text.html; path = InVoicemail.html; sourceTree = "<group>"; };
		E23BD3FF163342B900D370EF /* MoreHistory.html */ = {isa = PBXFileReference; fileEncoding = 4; lastKnownFileType = text.html; path = MoreHistory.html; sourceTree = "<group>"; };
		E23BD400163342B900D370EF /* MoreHistoryLink.html */ = {isa = PBXFileReference; fileEncoding = 4; lastKnownFileType = text.html; path = MoreHistoryLink.html; sourceTree = "<group>"; };
		E23BD401163342B900D370EF /* OutEmote.html */ = {isa = PBXFileReference; fileEncoding = 4; lastKnownFileType = text.html; path = OutEmote.html; sourceTree = "<group>"; };
		E23BD402163342B900D370EF /* OutFollowupMessage.html */ = {isa = PBXFileReference; fileEncoding = 4; lastKnownFileType = text.html; path = OutFollowupMessage.html; sourceTree = "<group>"; };
		E23BD403163342B900D370EF /* OutMessage.html */ = {isa = PBXFileReference; fileEncoding = 4; lastKnownFileType = text.html; path = OutMessage.html; sourceTree = "<group>"; };
		E23BD404163342B900D370EF /* OutSms.html */ = {isa = PBXFileReference; fileEncoding = 4; lastKnownFileType = text.html; path = OutSms.html; sourceTree = "<group>"; };
		E23BD405163342B900D370EF /* OutSubTransfer.html */ = {isa = PBXFileReference; fileEncoding = 4; lastKnownFileType = text.html; path = OutSubTransfer.html; sourceTree = "<group>"; };
		E23BD406163342B900D370EF /* OutTransfer.html */ = {isa = PBXFileReference; fileEncoding = 4; lastKnownFileType = text.html; path = OutTransfer.html; sourceTree = "<group>"; };
		E23BD407163342B900D370EF /* SkypeCallEnd.html */ = {isa = PBXFileReference; fileEncoding = 4; lastKnownFileType = text.html; path = SkypeCallEnd.html; sourceTree = "<group>"; };
		E23BD408163342B900D370EF /* SkypeCallStart.html */ = {isa = PBXFileReference; fileEncoding = 4; lastKnownFileType = text.html; path = SkypeCallStart.html; sourceTree = "<group>"; };
		E23BD409163342B900D370EF /* SkypeInVoicemail.html */ = {isa = PBXFileReference; fileEncoding = 4; lastKnownFileType = text.html; path = SkypeInVoicemail.html; sourceTree = "<group>"; };
		E23BD40A163342B900D370EF /* SmsHead.html */ = {isa = PBXFileReference; fileEncoding = 4; lastKnownFileType = text.html; path = SmsHead.html; sourceTree = "<group>"; };
		E23BD40B163342B900D370EF /* Topic.html */ = {isa = PBXFileReference; fileEncoding = 4; lastKnownFileType = text.html; path = Topic.html; sourceTree = "<group>"; };
		E23BD40C163342B900D370EF /* TransferHead.html */ = {isa = PBXFileReference; fileEncoding = 4; lastKnownFileType = text.html; path = TransferHead.html; sourceTree = "<group>"; };
		E23BD40D163342B900D370EF /* Typing.html */ = {isa = PBXFileReference; fileEncoding = 4; lastKnownFileType = text.html; path = Typing.html; sourceTree = "<group>"; };
		E289B24D1631F0AE00412023 /* GifMan.bundle */ = {isa = PBXFileReference; explicitFileType = wrapper.cfbundle; includeInIndex = 0; path = GifMan.bundle; sourceTree = BUILT_PRODUCTS_DIR; };
		E289B2501631F0AE00412023 /* Cocoa.framework */ = {isa = PBXFileReference; lastKnownFileType = wrapper.framework; name = Cocoa.framework; path = System/Library/Frameworks/Cocoa.framework; sourceTree = SDKROOT; };
		E289B2531631F0AE00412023 /* AppKit.framework */ = {isa = PBXFileReference; lastKnownFileType = wrapper.framework; name = AppKit.framework; path = System/Library/Frameworks/AppKit.framework; sourceTree = SDKROOT; };
		E289B2541631F0AE00412023 /* CoreData.framework */ = {isa = PBXFileReference; lastKnownFileType = wrapper.framework; name = CoreData.framework; path = System/Library/Frameworks/CoreData.framework; sourceTree = SDKROOT; };
		E289B2551631F0AE00412023 /* Foundation.framework */ = {isa = PBXFileReference; lastKnownFileType = wrapper.framework; name = Foundation.framework; path = System/Library/Frameworks/Foundation.framework; sourceTree = SDKROOT; };
		E289B2581631F0AE00412023 /* GifMan-Info.plist */ = {isa = PBXFileReference; lastKnownFileType = text.plist.xml; path = "GifMan-Info.plist"; sourceTree = "<group>"; };
		E289B25A1631F0AE00412023 /* en */ = {isa = PBXFileReference; lastKnownFileType = text.plist.strings; name = en; path = en.lproj/InfoPlist.strings; sourceTree = "<group>"; };
		E289B25C1631F0AE00412023 /* GifMan-Prefix.pch */ = {isa = PBXFileReference; lastKnownFileType = sourcecode.c.h; path = "GifMan-Prefix.pch"; sourceTree = "<group>"; };
		E289B2651631F0F600412023 /* GifManPlugin.h */ = {isa = PBXFileReference; fileEncoding = 4; lastKnownFileType = sourcecode.c.h; path = GifManPlugin.h; sourceTree = "<group>"; };
		E289B2661631F0F600412023 /* GifManPlugin.m */ = {isa = PBXFileReference; fileEncoding = 4; lastKnownFileType = sourcecode.c.objc; path = GifManPlugin.m; sourceTree = "<group>"; };
		E289B26C1631F32200412023 /* Skype.framework */ = {isa = PBXFileReference; lastKnownFileType = wrapper.framework; name = Skype.framework; path = GifMan/Skype.framework; sourceTree = "<group>"; };
/* End PBXFileReference section */

/* Begin PBXFrameworksBuildPhase section */
		E289B24A1631F0AE00412023 /* Frameworks */ = {
			isa = PBXFrameworksBuildPhase;
			buildActionMask = 2147483647;
			files = (
				E289B2511631F0AE00412023 /* Cocoa.framework in Frameworks */,
				E289B26D1631F32200412023 /* Skype.framework in Frameworks */,
			);
			runOnlyForDeploymentPostprocessing = 0;
		};
/* End PBXFrameworksBuildPhase section */

/* Begin PBXGroup section */
		E23BD39C1633418900D370EF /* SIMBL Bundle */ = {
			isa = PBXGroup;
			children = (
				E289B2571631F0AE00412023 /* Supporting Files */,
				E289B2651631F0F600412023 /* GifManPlugin.h */,
				E289B2661631F0F600412023 /* GifManPlugin.m */,
			);
			name = "SIMBL Bundle";
			sourceTree = "<group>";
		};
		E23BD39D1633419100D370EF /* Chat Style */ = {
			isa = PBXGroup;
			children = (
				E23BD3DB163342B900D370EF /* Resources */,
				E23BD3D1163341F800D370EF /* Supporting Files */,
			);
			name = "Chat Style";
			sourceTree = "<group>";
		};
		E23BD3D1163341F800D370EF /* Supporting Files */ = {
			isa = PBXGroup;
			children = (
				E23BD3DA163342AD00D370EF /* Info.plist */,
			);
			name = "Supporting Files";
			sourceTree = "<group>";
		};
		E23BD3DB163342B900D370EF /* Resources */ = {
			isa = PBXGroup;
			children = (
				E23BD3DC163342B900D370EF /* Conversation.html */,
				E23BD3DD163342B900D370EF /* css */,
				E23BD3DF163342B900D370EF /* gfx */,
				E23BD3F0163342B900D370EF /* js */,
				E23BD3F3163342B900D370EF /* templates */,
			);
			path = Resources;
			sourceTree = "<group>";
		};
		E23BD3DD163342B900D370EF /* css */ = {
			isa = PBXGroup;
			children = (
				E23BD3DE163342B900D370EF /* main.css */,
			);
			path = css;
			sourceTree = "<group>";
		};
		E23BD3DF163342B900D370EF /* gfx */ = {
			isa = PBXGroup;
			children = (
				E23BD3E0163342B900D370EF /* icon_arrow_down.png */,
				E23BD3E1163342B900D370EF /* icon_arrow_right.png */,
				E23BD3E2163342B900D370EF /* icon_cancel.png */,
				E23BD3E3163342B900D370EF /* icon_edit.png */,
				E23BD3E4163342B900D370EF /* icon_edited.png */,
				E23BD3E5163342B900D370EF /* icon_pause.png */,
				E23BD3E6163342B900D370EF /* icon_play.png */,
				E23BD3E7163342B900D370EF /* icon_quicklook.png */,
				E23BD3E8163342B900D370EF /* icon_refresh.png */,
				E23BD3E9163342B900D370EF /* icon_reveal.png */,
				E23BD3EA163342B900D370EF /* icon_stop.png */,
				E23BD3EB163342B900D370EF /* icon_sub.png */,
				E23BD3EC163342B900D370EF /* icon_warning.png */,
				E23BD3ED163342B900D370EF /* transfer-32.png */,
				E23BD3EE163342B900D370EF /* transfer-multiple-32.png */,
				E23BD3EF163342B900D370EF /* typing-16x16-white.gif */,
			);
			path = gfx;
			sourceTree = "<group>";
		};
		E23BD3F0163342B900D370EF /* js */ = {
			isa = PBXGroup;
			children = (
				E23BD3F1163342B900D370EF /* jquery.min.js */,
				E23BD3F2163342B900D370EF /* main.js */,
			);
			path = js;
			sourceTree = "<group>";
		};
		E23BD3F3163342B900D370EF /* templates */ = {
			isa = PBXGroup;
			children = (
				E23BD3F4163342B900D370EF /* Alert.html */,
				E23BD3F5163342B900D370EF /* CallEnd.html */,
				E23BD3F6163342B900D370EF /* CallStart.html */,
				E23BD3F7163342B900D370EF /* History.html */,
				E23BD3F8163342B900D370EF /* InEmote.html */,
				E23BD3F9163342B900D370EF /* InFollowupMessage.html */,
				E23BD3FA163342B900D370EF /* InMessage.html */,
				E23BD3FB163342B900D370EF /* InSms.html */,
				E23BD3FC163342B900D370EF /* InSubTransfer.html */,
				E23BD3FD163342B900D370EF /* InTransfer.html */,
				E23BD3FE163342B900D370EF /* InVoicemail.html */,
				E23BD3FF163342B900D370EF /* MoreHistory.html */,
				E23BD400163342B900D370EF /* MoreHistoryLink.html */,
				E23BD401163342B900D370EF /* OutEmote.html */,
				E23BD402163342B900D370EF /* OutFollowupMessage.html */,
				E23BD403163342B900D370EF /* OutMessage.html */,
				E23BD404163342B900D370EF /* OutSms.html */,
				E23BD405163342B900D370EF /* OutSubTransfer.html */,
				E23BD406163342B900D370EF /* OutTransfer.html */,
				E23BD407163342B900D370EF /* SkypeCallEnd.html */,
				E23BD408163342B900D370EF /* SkypeCallStart.html */,
				E23BD409163342B900D370EF /* SkypeInVoicemail.html */,
				E23BD40A163342B900D370EF /* SmsHead.html */,
				E23BD40B163342B900D370EF /* Topic.html */,
				E23BD40C163342B900D370EF /* TransferHead.html */,
				E23BD40D163342B900D370EF /* Typing.html */,
			);
			path = templates;
			sourceTree = "<group>";
		};
		E289B2421631F0AE00412023 = {
			isa = PBXGroup;
			children = (
				E289B2561631F0AE00412023 /* GifMan */,
				E289B24F1631F0AE00412023 /* Frameworks */,
				E289B24E1631F0AE00412023 /* Products */,
			);
			sourceTree = "<group>";
		};
		E289B24E1631F0AE00412023 /* Products */ = {
			isa = PBXGroup;
			children = (
				E289B24D1631F0AE00412023 /* GifMan.bundle */,
			);
			name = Products;
			sourceTree = "<group>";
		};
		E289B24F1631F0AE00412023 /* Frameworks */ = {
			isa = PBXGroup;
			children = (
				E289B26C1631F32200412023 /* Skype.framework */,
				E289B2501631F0AE00412023 /* Cocoa.framework */,
				E289B2521631F0AE00412023 /* Other Frameworks */,
			);
			name = Frameworks;
			sourceTree = "<group>";
		};
		E289B2521631F0AE00412023 /* Other Frameworks */ = {
			isa = PBXGroup;
			children = (
				E289B2531631F0AE00412023 /* AppKit.framework */,
				E289B2541631F0AE00412023 /* CoreData.framework */,
				E289B2551631F0AE00412023 /* Foundation.framework */,
			);
			name = "Other Frameworks";
			sourceTree = "<group>";
		};
		E289B2561631F0AE00412023 /* GifMan */ = {
			isa = PBXGroup;
			children = (
				E23BD39D1633419100D370EF /* Chat Style */,
				E23BD39C1633418900D370EF /* SIMBL Bundle */,
			);
			path = GifMan;
			sourceTree = "<group>";
		};
		E289B2571631F0AE00412023 /* Supporting Files */ = {
			isa = PBXGroup;
			children = (
				E289B2581631F0AE00412023 /* GifMan-Info.plist */,
				E289B2591631F0AE00412023 /* InfoPlist.strings */,
				E289B25C1631F0AE00412023 /* GifMan-Prefix.pch */,
			);
			name = "Supporting Files";
			sourceTree = "<group>";
		};
/* End PBXGroup section */

/* Begin PBXNativeTarget section */
		E289B24C1631F0AE00412023 /* GifMan SIMBL Bundle */ = {
			isa = PBXNativeTarget;
			buildConfigurationList = E289B25F1631F0AE00412023 /* Build configuration list for PBXNativeTarget "GifMan SIMBL Bundle" */;
			buildPhases = (
				E289B2491631F0AE00412023 /* Sources */,
				E289B24A1631F0AE00412023 /* Frameworks */,
				E289B24B1631F0AE00412023 /* Resources */,
			);
			buildRules = (
			);
			dependencies = (
			);
			name = "GifMan SIMBL Bundle";
			productName = GifMan;
			productReference = E289B24D1631F0AE00412023 /* GifMan.bundle */;
			productType = "com.apple.product-type.bundle";
		};
/* End PBXNativeTarget section */

/* Begin PBXProject section */
		E289B2441631F0AE00412023 /* Project object */ = {
			isa = PBXProject;
			attributes = {
				CLASSPREFIX = TG;
				LastUpgradeCheck = 0450;
				ORGANIZATIONNAME = "Tom Arnfeld";
			};
			buildConfigurationList = E289B2471631F0AE00412023 /* Build configuration list for PBXProject "GifMan" */;
			compatibilityVersion = "Xcode 3.2";
			developmentRegion = English;
			hasScannedForEncodings = 0;
			knownRegions = (
				en,
			);
			mainGroup = E289B2421631F0AE00412023;
			productRefGroup = E289B24E1631F0AE00412023 /* Products */;
			projectDirPath = "";
			projectRoot = "";
			targets = (
				E23BD4751633447E00D370EF /* GifMan */,
				E289B24C1631F0AE00412023 /* GifMan SIMBL Bundle */,
				E23BD39E163341A700D370EF /* GifMan Chat Style */,
			);
		};
/* End PBXProject section */

/* Begin PBXResourcesBuildPhase section */
		E289B24B1631F0AE00412023 /* Resources */ = {
			isa = PBXResourcesBuildPhase;
			buildActionMask = 2147483647;
			files = (
				E289B25B1631F0AE00412023 /* InfoPlist.strings in Resources */,
				E23BD40E163342B900D370EF /* Conversation.html in Resources */,
				E23BD40F163342B900D370EF /* main.css in Resources */,
				E23BD410163342B900D370EF /* icon_arrow_down.png in Resources */,
				E23BD411163342B900D370EF /* icon_arrow_right.png in Resources */,
				E23BD412163342B900D370EF /* icon_cancel.png in Resources */,
				E23BD413163342B900D370EF /* icon_edit.png in Resources */,
				E23BD414163342B900D370EF /* icon_edited.png in Resources */,
				E23BD415163342B900D370EF /* icon_pause.png in Resources */,
				E23BD416163342B900D370EF /* icon_play.png in Resources */,
				E23BD417163342B900D370EF /* icon_quicklook.png in Resources */,
				E23BD418163342B900D370EF /* icon_refresh.png in Resources */,
				E23BD419163342B900D370EF /* icon_reveal.png in Resources */,
				E23BD41A163342B900D370EF /* icon_stop.png in Resources */,
				E23BD41B163342B900D370EF /* icon_sub.png in Resources */,
				E23BD41C163342B900D370EF /* icon_warning.png in Resources */,
				E23BD41D163342B900D370EF /* transfer-32.png in Resources */,
				E23BD41E163342B900D370EF /* transfer-multiple-32.png in Resources */,
				E23BD41F163342B900D370EF /* typing-16x16-white.gif in Resources */,
				E23BD422163342B900D370EF /* Alert.html in Resources */,
				E23BD423163342B900D370EF /* CallEnd.html in Resources */,
				E23BD424163342B900D370EF /* CallStart.html in Resources */,
				E23BD425163342B900D370EF /* History.html in Resources */,
				E23BD426163342B900D370EF /* InEmote.html in Resources */,
				E23BD427163342B900D370EF /* InFollowupMessage.html in Resources */,
				E23BD428163342B900D370EF /* InMessage.html in Resources */,
				E23BD429163342B900D370EF /* InSms.html in Resources */,
				E23BD42A163342B900D370EF /* InSubTransfer.html in Resources */,
				E23BD42B163342B900D370EF /* InTransfer.html in Resources */,
				E23BD42C163342B900D370EF /* InVoicemail.html in Resources */,
				E23BD42D163342B900D370EF /* MoreHistory.html in Resources */,
				E23BD42E163342B900D370EF /* MoreHistoryLink.html in Resources */,
				E23BD42F163342B900D370EF /* OutEmote.html in Resources */,
				E23BD430163342B900D370EF /* OutFollowupMessage.html in Resources */,
				E23BD431163342B900D370EF /* OutMessage.html in Resources */,
				E23BD432163342B900D370EF /* OutSms.html in Resources */,
				E23BD433163342B900D370EF /* OutSubTransfer.html in Resources */,
				E23BD434163342B900D370EF /* OutTransfer.html in Resources */,
				E23BD435163342B900D370EF /* SkypeCallEnd.html in Resources */,
				E23BD436163342B900D370EF /* SkypeCallStart.html in Resources */,
				E23BD437163342B900D370EF /* SkypeInVoicemail.html in Resources */,
				E23BD438163342B900D370EF /* SmsHead.html in Resources */,
				E23BD439163342B900D370EF /* Topic.html in Resources */,
				E23BD43A163342B900D370EF /* TransferHead.html in Resources */,
				E23BD43B163342B900D370EF /* Typing.html in Resources */,
			);
			runOnlyForDeploymentPostprocessing = 0;
		};
/* End PBXResourcesBuildPhase section */

/* Begin PBXSourcesBuildPhase section */
		E289B2491631F0AE00412023 /* Sources */ = {
			isa = PBXSourcesBuildPhase;
			buildActionMask = 2147483647;
			files = (
				E289B2671631F0F600412023 /* GifManPlugin.m in Sources */,
				E23BD420163342B900D370EF /* jquery.min.js in Sources */,
				E23BD421163342B900D370EF /* main.js in Sources */,
			);
			runOnlyForDeploymentPostprocessing = 0;
		};
/* End PBXSourcesBuildPhase section */

/* Begin PBXTargetDependency section */
		E23BD47A1633448400D370EF /* PBXTargetDependency */ = {
			isa = PBXTargetDependency;
			target = E289B24C1631F0AE00412023 /* GifMan SIMBL Bundle */;
			targetProxy = E23BD4791633448400D370EF /* PBXContainerItemProxy */;
		};
		E23BD47C1633448400D370EF /* PBXTargetDependency */ = {
			isa = PBXTargetDependency;
			target = E23BD39E163341A700D370EF /* GifMan Chat Style */;
			targetProxy = E23BD47B1633448400D370EF /* PBXContainerItemProxy */;
		};
/* End PBXTargetDependency section */

/* Begin PBXVariantGroup section */
		E289B2591631F0AE00412023 /* InfoPlist.strings */ = {
			isa = PBXVariantGroup;
			children = (
				E289B25A1631F0AE00412023 /* en */,
			);
			name = InfoPlist.strings;
			sourceTree = "<group>";
		};
/* End PBXVariantGroup section */

/* Begin XCBuildConfiguration section */
		E23BD3A0163341A700D370EF /* Debug */ = {
			isa = XCBuildConfiguration;
			buildSettings = {
				COMBINE_HIDPI_IMAGES = YES;
				INFOPLIST_FILE = GifMan.SkypeChatStyle/Info.plist;
				PRODUCT_NAME = "$(TARGET_NAME)";
			};
			name = Debug;
		};
		E23BD3A1163341A700D370EF /* Release */ = {
			isa = XCBuildConfiguration;
			buildSettings = {
				COMBINE_HIDPI_IMAGES = YES;
				INFOPLIST_FILE = GifMan.SkypeChatStyle/Info.plist;
				PRODUCT_NAME = "$(TARGET_NAME)";
			};
			name = Release;
		};
		E23BD4771633447E00D370EF /* Debug */ = {
			isa = XCBuildConfiguration;
			buildSettings = {
				COMBINE_HIDPI_IMAGES = YES;
				PRODUCT_NAME = "$(TARGET_NAME)";
			};
			name = Debug;
		};
		E23BD4781633447E00D370EF /* Release */ = {
			isa = XCBuildConfiguration;
			buildSettings = {
				COMBINE_HIDPI_IMAGES = YES;
				PRODUCT_NAME = "$(TARGET_NAME)";
			};
			name = Release;
		};
		E289B25D1631F0AE00412023 /* Debug */ = {
			isa = XCBuildConfiguration;
			buildSettings = {
				ALWAYS_SEARCH_USER_PATHS = NO;
				ARCHS = "$(ARCHS_STANDARD_64_BIT)";
				CLANG_CXX_LANGUAGE_STANDARD = "gnu++0x";
				CLANG_CXX_LIBRARY = "libc++";
				CLANG_ENABLE_OBJC_ARC = YES;
				CLANG_WARN_EMPTY_BODY = YES;
				CLANG_WARN__DUPLICATE_METHOD_MATCH = YES;
				COPY_PHASE_STRIP = NO;
				GCC_C_LANGUAGE_STANDARD = gnu99;
				GCC_DYNAMIC_NO_PIC = NO;
				GCC_ENABLE_OBJC_EXCEPTIONS = YES;
				GCC_OPTIMIZATION_LEVEL = 0;
				GCC_PREPROCESSOR_DEFINITIONS = (
					"DEBUG=1",
					"$(inherited)",
				);
				GCC_SYMBOLS_PRIVATE_EXTERN = NO;
				GCC_WARN_64_TO_32_BIT_CONVERSION = YES;
				GCC_WARN_ABOUT_RETURN_TYPE = YES;
				GCC_WARN_UNINITIALIZED_AUTOS = YES;
				GCC_WARN_UNUSED_VARIABLE = YES;
				MACOSX_DEPLOYMENT_TARGET = 10.8;
				ONLY_ACTIVE_ARCH = YES;
				SDKROOT = macosx;
			};
			name = Debug;
		};
		E289B25E1631F0AE00412023 /* Release */ = {
			isa = XCBuildConfiguration;
			buildSettings = {
				ALWAYS_SEARCH_USER_PATHS = NO;
				ARCHS = "$(ARCHS_STANDARD_64_BIT)";
				CLANG_CXX_LANGUAGE_STANDARD = "gnu++0x";
				CLANG_CXX_LIBRARY = "libc++";
				CLANG_ENABLE_OBJC_ARC = YES;
				CLANG_WARN_EMPTY_BODY = YES;
				CLANG_WARN__DUPLICATE_METHOD_MATCH = YES;
				COPY_PHASE_STRIP = YES;
				DEBUG_INFORMATION_FORMAT = "dwarf-with-dsym";
				GCC_C_LANGUAGE_STANDARD = gnu99;
				GCC_ENABLE_OBJC_EXCEPTIONS = YES;
				GCC_WARN_64_TO_32_BIT_CONVERSION = YES;
				GCC_WARN_ABOUT_RETURN_TYPE = YES;
				GCC_WARN_UNINITIALIZED_AUTOS = YES;
				GCC_WARN_UNUSED_VARIABLE = YES;
				MACOSX_DEPLOYMENT_TARGET = 10.8;
				SDKROOT = macosx;
			};
			name = Release;
		};
		E289B2601631F0AE00412023 /* Debug */ = {
			isa = XCBuildConfiguration;
			buildSettings = {
				ARCHS = "$(ARCHS_STANDARD_32_64_BIT)";
				CLANG_ENABLE_OBJC_ARC = NO;
				COMBINE_HIDPI_IMAGES = YES;
				FRAMEWORK_SEARCH_PATHS = (
					"$(inherited)",
					"\"$(SRCROOT)/GifMan\"",
				);
				GCC_PRECOMPILE_PREFIX_HEADER = YES;
				GCC_PREFIX_HEADER = "GifMan/GifMan-Prefix.pch";
				GCC_VERSION = "";
				INFOPLIST_FILE = "GifMan/GifMan-Info.plist";
				INSTALL_PATH = "$(USER_LIBRARY_DIR)/Application Support/SIMBL/Plugins";
				ONLY_ACTIVE_ARCH = NO;
				PRODUCT_NAME = GifMan;
				VALID_ARCHS = "i386 x86_64";
				WRAPPER_EXTENSION = bundle;
			};
			name = Debug;
		};
		E289B2611631F0AE00412023 /* Release */ = {
			isa = XCBuildConfiguration;
			buildSettings = {
				ARCHS = "$(ARCHS_STANDARD_32_64_BIT)";
				CLANG_ENABLE_OBJC_ARC = NO;
				COMBINE_HIDPI_IMAGES = YES;
				FRAMEWORK_SEARCH_PATHS = (
					"$(inherited)",
					"\"$(SRCROOT)/GifMan\"",
				);
				GCC_PRECOMPILE_PREFIX_HEADER = YES;
				GCC_PREFIX_HEADER = "GifMan/GifMan-Prefix.pch";
				GCC_VERSION = "";
				INFOPLIST_FILE = "GifMan/GifMan-Info.plist";
				INSTALL_PATH = "$(USER_LIBRARY_DIR)/Application Support/SIMBL/Plugins";
				ONLY_ACTIVE_ARCH = NO;
				PRODUCT_NAME = GifMan;
				VALID_ARCHS = "i386 x86_64";
				WRAPPER_EXTENSION = bundle;
			};
			name = Release;
		};
/* End XCBuildConfiguration section */

/* Begin XCConfigurationList section */
		E23BD39F163341A700D370EF /* Build configuration list for PBXAggregateTarget "GifMan Chat Style" */ = {
			isa = XCConfigurationList;
			buildConfigurations = (
				E23BD3A0163341A700D370EF /* Debug */,
				E23BD3A1163341A700D370EF /* Release */,
			);
			defaultConfigurationIsVisible = 0;
		};
		E23BD4761633447E00D370EF /* Build configuration list for PBXAggregateTarget "GifMan" */ = {
			isa = XCConfigurationList;
			buildConfigurations = (
				E23BD4771633447E00D370EF /* Debug */,
				E23BD4781633447E00D370EF /* Release */,
			);
			defaultConfigurationIsVisible = 0;
		};
		E289B2471631F0AE00412023 /* Build configuration list for PBXProject "GifMan" */ = {
			isa = XCConfigurationList;
			buildConfigurations = (
				E289B25D1631F0AE00412023 /* Debug */,
				E289B25E1631F0AE00412023 /* Release */,
			);
			defaultConfigurationIsVisible = 0;
			defaultConfigurationName = Release;
		};
		E289B25F1631F0AE00412023 /* Build configuration list for PBXNativeTarget "GifMan SIMBL Bundle" */ = {
			isa = XCConfigurationList;
			buildConfigurations = (
				E289B2601631F0AE00412023 /* Debug */,
				E289B2611631F0AE00412023 /* Release */,
			);
			defaultConfigurationIsVisible = 0;
			defaultConfigurationName = Release;
		};
/* End XCConfigurationList section */
	};
	rootObject = E289B2441631F0AE00412023 /* Project object */;
}
